// !$*UTF8*$!
{
	archiveVersion = 1;
	classes = {
	};
	objectVersion = 46;
	objects = {

/* Begin PBXBuildFile section */
		2F061F6419C1759E00F5ADC3 /* a_write@2x.jpg in Resources */ = {isa = PBXBuildFile; fileRef = 2F061F4619C1759D00F5ADC3 /* a_write@2x.jpg */; };
		2F061F6519C1759E00F5ADC3 /* ah_write@2x.jpg in Resources */ = {isa = PBXBuildFile; fileRef = 2F061F4719C1759D00F5ADC3 /* ah_write@2x.jpg */; };
		2F061F6619C1759E00F5ADC3 /* ba_write@2x.jpg in Resources */ = {isa = PBXBuildFile; fileRef = 2F061F4819C1759D00F5ADC3 /* ba_write@2x.jpg */; };
		2F061F6719C1759E00F5ADC3 /* cha_write@2x.jpg in Resources */ = {isa = PBXBuildFile; fileRef = 2F061F4919C1759D00F5ADC3 /* cha_write@2x.jpg */; };
		2F061F6819C1759E00F5ADC3 /* chha_write@2x.jpg in Resources */ = {isa = PBXBuildFile; fileRef = 2F061F4A19C1759E00F5ADC3 /* chha_write@2x.jpg */; };
		2F061F6919C1759E00F5ADC3 /* da_write@2x.jpg in Resources */ = {isa = PBXBuildFile; fileRef = 2F061F4B19C1759E00F5ADC3 /* da_write@2x.jpg */; };
		2F061F6A19C1759E00F5ADC3 /* dza_write@2x.jpg in Resources */ = {isa = PBXBuildFile; fileRef = 2F061F4C19C1759E00F5ADC3 /* dza_write@2x.jpg */; };
		2F061F6B19C1759E00F5ADC3 /* ga_write@2x.jpg in Resources */ = {isa = PBXBuildFile; fileRef = 2F061F4D19C1759E00F5ADC3 /* ga_write@2x.jpg */; };
		2F061F6C19C1759E00F5ADC3 /* ha_write@2x.jpg in Resources */ = {isa = PBXBuildFile; fileRef = 2F061F4E19C1759E00F5ADC3 /* ha_write@2x.jpg */; };
		2F061F6D19C1759E00F5ADC3 /* ja_write@2x.jpg in Resources */ = {isa = PBXBuildFile; fileRef = 2F061F4F19C1759E00F5ADC3 /* ja_write@2x.jpg */; };
		2F061F6E19C1759E00F5ADC3 /* ka_write@2x.jpg in Resources */ = {isa = PBXBuildFile; fileRef = 2F061F5019C1759E00F5ADC3 /* ka_write@2x.jpg */; };
		2F061F6F19C1759E00F5ADC3 /* kha_write@2x.jpg in Resources */ = {isa = PBXBuildFile; fileRef = 2F061F5119C1759E00F5ADC3 /* kha_write@2x.jpg */; };
		2F061F7019C1759E00F5ADC3 /* la_write@2x.jpg in Resources */ = {isa = PBXBuildFile; fileRef = 2F061F5219C1759E00F5ADC3 /* la_write@2x.jpg */; };
		2F061F7119C1759E00F5ADC3 /* ma_write@2x.jpg in Resources */ = {isa = PBXBuildFile; fileRef = 2F061F5319C1759E00F5ADC3 /* ma_write@2x.jpg */; };
		2F061F7219C1759E00F5ADC3 /* na_write@2x.jpg in Resources */ = {isa = PBXBuildFile; fileRef = 2F061F5419C1759E00F5ADC3 /* na_write@2x.jpg */; };
		2F061F7319C1759E00F5ADC3 /* nga_write@2x.jpg in Resources */ = {isa = PBXBuildFile; fileRef = 2F061F5519C1759E00F5ADC3 /* nga_write@2x.jpg */; };
		2F061F7419C1759E00F5ADC3 /* nya_write@2x.jpg in Resources */ = {isa = PBXBuildFile; fileRef = 2F061F5619C1759E00F5ADC3 /* nya_write@2x.jpg */; };
		2F061F7519C1759E00F5ADC3 /* pa_write@2x.jpg in Resources */ = {isa = PBXBuildFile; fileRef = 2F061F5719C1759E00F5ADC3 /* pa_write@2x.jpg */; };
		2F061F7619C1759E00F5ADC3 /* pha_write@2x.jpg in Resources */ = {isa = PBXBuildFile; fileRef = 2F061F5819C1759E00F5ADC3 /* pha_write@2x.jpg */; };
		2F061F7719C1759E00F5ADC3 /* ra_write@2x.jpg in Resources */ = {isa = PBXBuildFile; fileRef = 2F061F5919C1759E00F5ADC3 /* ra_write@2x.jpg */; };
		2F061F7819C1759E00F5ADC3 /* sa_write@2x.jpg in Resources */ = {isa = PBXBuildFile; fileRef = 2F061F5A19C1759E00F5ADC3 /* sa_write@2x.jpg */; };
		2F061F7919C1759E00F5ADC3 /* sha_write@2x.jpg in Resources */ = {isa = PBXBuildFile; fileRef = 2F061F5B19C1759E00F5ADC3 /* sha_write@2x.jpg */; };
		2F061F7A19C1759E00F5ADC3 /* ta_write@2x.jpg in Resources */ = {isa = PBXBuildFile; fileRef = 2F061F5C19C1759E00F5ADC3 /* ta_write@2x.jpg */; };
		2F061F7B19C1759E00F5ADC3 /* tha_write@2x.jpg in Resources */ = {isa = PBXBuildFile; fileRef = 2F061F5D19C1759E00F5ADC3 /* tha_write@2x.jpg */; };
		2F061F7C19C1759E00F5ADC3 /* tsa_write@2x.jpg in Resources */ = {isa = PBXBuildFile; fileRef = 2F061F5E19C1759E00F5ADC3 /* tsa_write@2x.jpg */; };
		2F061F7D19C1759E00F5ADC3 /* tsha_write@2x.jpg in Resources */ = {isa = PBXBuildFile; fileRef = 2F061F5F19C1759E00F5ADC3 /* tsha_write@2x.jpg */; };
		2F061F7E19C1759E00F5ADC3 /* wa_write@2x.jpg in Resources */ = {isa = PBXBuildFile; fileRef = 2F061F6019C1759E00F5ADC3 /* wa_write@2x.jpg */; };
		2F061F7F19C1759E00F5ADC3 /* ya_write@2x.jpg in Resources */ = {isa = PBXBuildFile; fileRef = 2F061F6119C1759E00F5ADC3 /* ya_write@2x.jpg */; };
		2F061F8019C1759E00F5ADC3 /* za_write@2x.jpg in Resources */ = {isa = PBXBuildFile; fileRef = 2F061F6219C1759E00F5ADC3 /* za_write@2x.jpg */; };
		2F061F8119C1759E00F5ADC3 /* zha_write@2x.jpg in Resources */ = {isa = PBXBuildFile; fileRef = 2F061F6319C1759E00F5ADC3 /* zha_write@2x.jpg */; };
		2F1605F019C367A7005EEB04 /* a_quiz@2x.png in Resources */ = {isa = PBXBuildFile; fileRef = 2F1605D219C367A7005EEB04 /* a_quiz@2x.png */; };
		2F1605F119C367A7005EEB04 /* ah_quiz@2x.png in Resources */ = {isa = PBXBuildFile; fileRef = 2F1605D319C367A7005EEB04 /* ah_quiz@2x.png */; };
		2F1605F219C367A7005EEB04 /* ba_quiz@2x.png in Resources */ = {isa = PBXBuildFile; fileRef = 2F1605D419C367A7005EEB04 /* ba_quiz@2x.png */; };
		2F1605F319C367A7005EEB04 /* cha_quiz@2x.png in Resources */ = {isa = PBXBuildFile; fileRef = 2F1605D519C367A7005EEB04 /* cha_quiz@2x.png */; };
		2F1605F419C367A7005EEB04 /* chha_quiz@2x.png in Resources */ = {isa = PBXBuildFile; fileRef = 2F1605D619C367A7005EEB04 /* chha_quiz@2x.png */; };
		2F1605F519C367A7005EEB04 /* da_quiz@2x.png in Resources */ = {isa = PBXBuildFile; fileRef = 2F1605D719C367A7005EEB04 /* da_quiz@2x.png */; };
		2F1605F619C367A7005EEB04 /* dza_quiz@2x.png in Resources */ = {isa = PBXBuildFile; fileRef = 2F1605D819C367A7005EEB04 /* dza_quiz@2x.png */; };
		2F1605F719C367A7005EEB04 /* ga_quiz@2x.png in Resources */ = {isa = PBXBuildFile; fileRef = 2F1605D919C367A7005EEB04 /* ga_quiz@2x.png */; };
		2F1605F819C367A7005EEB04 /* ha_quiz@2x.png in Resources */ = {isa = PBXBuildFile; fileRef = 2F1605DA19C367A7005EEB04 /* ha_quiz@2x.png */; };
		2F1605F919C367A7005EEB04 /* ja_quiz@2x.png in Resources */ = {isa = PBXBuildFile; fileRef = 2F1605DB19C367A7005EEB04 /* ja_quiz@2x.png */; };
		2F1605FA19C367A7005EEB04 /* ka_quiz@2x.png in Resources */ = {isa = PBXBuildFile; fileRef = 2F1605DC19C367A7005EEB04 /* ka_quiz@2x.png */; };
		2F1605FB19C367A7005EEB04 /* kha_quiz@2x.png in Resources */ = {isa = PBXBuildFile; fileRef = 2F1605DD19C367A7005EEB04 /* kha_quiz@2x.png */; };
		2F1605FC19C367A7005EEB04 /* la_quiz@2x.png in Resources */ = {isa = PBXBuildFile; fileRef = 2F1605DE19C367A7005EEB04 /* la_quiz@2x.png */; };
		2F1605FD19C367A7005EEB04 /* ma_quiz@2x.png in Resources */ = {isa = PBXBuildFile; fileRef = 2F1605DF19C367A7005EEB04 /* ma_quiz@2x.png */; };
		2F1605FE19C367A7005EEB04 /* na_quiz@2x.png in Resources */ = {isa = PBXBuildFile; fileRef = 2F1605E019C367A7005EEB04 /* na_quiz@2x.png */; };
		2F1605FF19C367A7005EEB04 /* nga_quiz@2x.png in Resources */ = {isa = PBXBuildFile; fileRef = 2F1605E119C367A7005EEB04 /* nga_quiz@2x.png */; };
		2F16060019C367A7005EEB04 /* nya_quiz@2x.png in Resources */ = {isa = PBXBuildFile; fileRef = 2F1605E219C367A7005EEB04 /* nya_quiz@2x.png */; };
		2F16060119C367A7005EEB04 /* pa_quiz@2x.png in Resources */ = {isa = PBXBuildFile; fileRef = 2F1605E319C367A7005EEB04 /* pa_quiz@2x.png */; };
		2F16060219C367A7005EEB04 /* pha_quiz@2x.png in Resources */ = {isa = PBXBuildFile; fileRef = 2F1605E419C367A7005EEB04 /* pha_quiz@2x.png */; };
		2F16060319C367A7005EEB04 /* ra_quiz@2x.png in Resources */ = {isa = PBXBuildFile; fileRef = 2F1605E519C367A7005EEB04 /* ra_quiz@2x.png */; };
		2F16060419C367A7005EEB04 /* sa_quiz@2x.png in Resources */ = {isa = PBXBuildFile; fileRef = 2F1605E619C367A7005EEB04 /* sa_quiz@2x.png */; };
		2F16060519C367A7005EEB04 /* sha_quiz@2x.png in Resources */ = {isa = PBXBuildFile; fileRef = 2F1605E719C367A7005EEB04 /* sha_quiz@2x.png */; };
		2F16060619C367A7005EEB04 /* ta_quiz@2x.png in Resources */ = {isa = PBXBuildFile; fileRef = 2F1605E819C367A7005EEB04 /* ta_quiz@2x.png */; };
		2F16060719C367A7005EEB04 /* tha_quiz@2x.png in Resources */ = {isa = PBXBuildFile; fileRef = 2F1605E919C367A7005EEB04 /* tha_quiz@2x.png */; };
		2F16060819C367A7005EEB04 /* tsa_quiz@2x.png in Resources */ = {isa = PBXBuildFile; fileRef = 2F1605EA19C367A7005EEB04 /* tsa_quiz@2x.png */; };
		2F16060919C367A7005EEB04 /* tsha_quiz@2x.png in Resources */ = {isa = PBXBuildFile; fileRef = 2F1605EB19C367A7005EEB04 /* tsha_quiz@2x.png */; };
		2F16060A19C367A7005EEB04 /* wa_quiz@2x.png in Resources */ = {isa = PBXBuildFile; fileRef = 2F1605EC19C367A7005EEB04 /* wa_quiz@2x.png */; };
		2F16060B19C367A7005EEB04 /* ya_quiz@2x.png in Resources */ = {isa = PBXBuildFile; fileRef = 2F1605ED19C367A7005EEB04 /* ya_quiz@2x.png */; };
		2F16060C19C367A7005EEB04 /* za_quiz@2x.png in Resources */ = {isa = PBXBuildFile; fileRef = 2F1605EE19C367A7005EEB04 /* za_quiz@2x.png */; };
		2F16060D19C367A7005EEB04 /* zha_quiz@2x.png in Resources */ = {isa = PBXBuildFile; fileRef = 2F1605EF19C367A7005EEB04 /* zha_quiz@2x.png */; };
		2F170B5319C1F40E001EED61 /* a@2x.jpg in Resources */ = {isa = PBXBuildFile; fileRef = 2F170B3519C1F40E001EED61 /* a@2x.jpg */; };
		2F170B5419C1F40E001EED61 /* ah@2x.jpg in Resources */ = {isa = PBXBuildFile; fileRef = 2F170B3619C1F40E001EED61 /* ah@2x.jpg */; };
		2F170B5519C1F40E001EED61 /* ba@2x.jpg in Resources */ = {isa = PBXBuildFile; fileRef = 2F170B3719C1F40E001EED61 /* ba@2x.jpg */; };
		2F170B5619C1F40E001EED61 /* cha@2x.jpg in Resources */ = {isa = PBXBuildFile; fileRef = 2F170B3819C1F40E001EED61 /* cha@2x.jpg */; };
		2F170B5719C1F40E001EED61 /* chha@2x.jpg in Resources */ = {isa = PBXBuildFile; fileRef = 2F170B3919C1F40E001EED61 /* chha@2x.jpg */; };
		2F170B5819C1F40E001EED61 /* da@2x.jpg in Resources */ = {isa = PBXBuildFile; fileRef = 2F170B3A19C1F40E001EED61 /* da@2x.jpg */; };
		2F170B5919C1F40E001EED61 /* dza@2x.jpg in Resources */ = {isa = PBXBuildFile; fileRef = 2F170B3B19C1F40E001EED61 /* dza@2x.jpg */; };
		2F170B5A19C1F40E001EED61 /* ga@2x.jpg in Resources */ = {isa = PBXBuildFile; fileRef = 2F170B3C19C1F40E001EED61 /* ga@2x.jpg */; };
		2F170B5B19C1F40E001EED61 /* ha@2x.jpg in Resources */ = {isa = PBXBuildFile; fileRef = 2F170B3D19C1F40E001EED61 /* ha@2x.jpg */; };
		2F170B5C19C1F40E001EED61 /* ja@2x.jpg in Resources */ = {isa = PBXBuildFile; fileRef = 2F170B3E19C1F40E001EED61 /* ja@2x.jpg */; };
		2F170B5D19C1F40E001EED61 /* ka@2x.jpg in Resources */ = {isa = PBXBuildFile; fileRef = 2F170B3F19C1F40E001EED61 /* ka@2x.jpg */; };
		2F170B5E19C1F40E001EED61 /* kha@2x.jpg in Resources */ = {isa = PBXBuildFile; fileRef = 2F170B4019C1F40E001EED61 /* kha@2x.jpg */; };
		2F170B5F19C1F40E001EED61 /* la@2x.jpg in Resources */ = {isa = PBXBuildFile; fileRef = 2F170B4119C1F40E001EED61 /* la@2x.jpg */; };
		2F170B6019C1F40E001EED61 /* ma@2x.jpg in Resources */ = {isa = PBXBuildFile; fileRef = 2F170B4219C1F40E001EED61 /* ma@2x.jpg */; };
		2F170B6119C1F40E001EED61 /* na@2x.jpg in Resources */ = {isa = PBXBuildFile; fileRef = 2F170B4319C1F40E001EED61 /* na@2x.jpg */; };
		2F170B6219C1F40E001EED61 /* nga@2x.jpg in Resources */ = {isa = PBXBuildFile; fileRef = 2F170B4419C1F40E001EED61 /* nga@2x.jpg */; };
		2F170B6319C1F40E001EED61 /* nya@2x.jpg in Resources */ = {isa = PBXBuildFile; fileRef = 2F170B4519C1F40E001EED61 /* nya@2x.jpg */; };
		2F170B6419C1F40E001EED61 /* pa@2x.jpg in Resources */ = {isa = PBXBuildFile; fileRef = 2F170B4619C1F40E001EED61 /* pa@2x.jpg */; };
		2F170B6519C1F40E001EED61 /* pha@2x.jpg in Resources */ = {isa = PBXBuildFile; fileRef = 2F170B4719C1F40E001EED61 /* pha@2x.jpg */; };
		2F170B6619C1F40E001EED61 /* ra@2x.jpg in Resources */ = {isa = PBXBuildFile; fileRef = 2F170B4819C1F40E001EED61 /* ra@2x.jpg */; };
		2F170B6719C1F40E001EED61 /* sa@2x.jpg in Resources */ = {isa = PBXBuildFile; fileRef = 2F170B4919C1F40E001EED61 /* sa@2x.jpg */; };
		2F170B6819C1F40E001EED61 /* sha@2x.jpg in Resources */ = {isa = PBXBuildFile; fileRef = 2F170B4A19C1F40E001EED61 /* sha@2x.jpg */; };
		2F170B6919C1F40E001EED61 /* ta@2x.jpg in Resources */ = {isa = PBXBuildFile; fileRef = 2F170B4B19C1F40E001EED61 /* ta@2x.jpg */; };
		2F170B6A19C1F40E001EED61 /* tha@2x.jpg in Resources */ = {isa = PBXBuildFile; fileRef = 2F170B4C19C1F40E001EED61 /* tha@2x.jpg */; };
		2F170B6B19C1F40E001EED61 /* tsa@2x.jpg in Resources */ = {isa = PBXBuildFile; fileRef = 2F170B4D19C1F40E001EED61 /* tsa@2x.jpg */; };
		2F170B6C19C1F40E001EED61 /* tsha@2x.jpg in Resources */ = {isa = PBXBuildFile; fileRef = 2F170B4E19C1F40E001EED61 /* tsha@2x.jpg */; };
		2F170B6D19C1F40E001EED61 /* wa@2x.jpg in Resources */ = {isa = PBXBuildFile; fileRef = 2F170B4F19C1F40E001EED61 /* wa@2x.jpg */; };
		2F170B6E19C1F40E001EED61 /* ya@2x.jpg in Resources */ = {isa = PBXBuildFile; fileRef = 2F170B5019C1F40E001EED61 /* ya@2x.jpg */; };
		2F170B6F19C1F40E001EED61 /* za@2x.jpg in Resources */ = {isa = PBXBuildFile; fileRef = 2F170B5119C1F40E001EED61 /* za@2x.jpg */; };
		2F170B7019C1F40E001EED61 /* zha@2x.jpg in Resources */ = {isa = PBXBuildFile; fileRef = 2F170B5219C1F40E001EED61 /* zha@2x.jpg */; };
		2F170B7219C1FE6D001EED61 /* a.mp3 in Resources */ = {isa = PBXBuildFile; fileRef = 2F170B7119C1FE6D001EED61 /* a.mp3 */; };
		2F170B9019C1FFCE001EED61 /* ah.mp3 in Resources */ = {isa = PBXBuildFile; fileRef = 2F170B7319C1FFCE001EED61 /* ah.mp3 */; };
		2F170B9119C1FFCE001EED61 /* ba.mp3 in Resources */ = {isa = PBXBuildFile; fileRef = 2F170B7419C1FFCE001EED61 /* ba.mp3 */; };
		2F170B9219C1FFCE001EED61 /* cha.mp3 in Resources */ = {isa = PBXBuildFile; fileRef = 2F170B7519C1FFCE001EED61 /* cha.mp3 */; };
		2F170B9319C1FFCE001EED61 /* chha.mp3 in Resources */ = {isa = PBXBuildFile; fileRef = 2F170B7619C1FFCE001EED61 /* chha.mp3 */; };
		2F170B9419C1FFCE001EED61 /* da.mp3 in Resources */ = {isa = PBXBuildFile; fileRef = 2F170B7719C1FFCE001EED61 /* da.mp3 */; };
		2F170B9519C1FFCE001EED61 /* dza.mp3 in Resources */ = {isa = PBXBuildFile; fileRef = 2F170B7819C1FFCE001EED61 /* dza.mp3 */; };
		2F170B9619C1FFCE001EED61 /* ga.mp3 in Resources */ = {isa = PBXBuildFile; fileRef = 2F170B7919C1FFCE001EED61 /* ga.mp3 */; };
		2F170B9719C1FFCE001EED61 /* ha.mp3 in Resources */ = {isa = PBXBuildFile; fileRef = 2F170B7A19C1FFCE001EED61 /* ha.mp3 */; };
		2F170B9819C1FFCE001EED61 /* ja.mp3 in Resources */ = {isa = PBXBuildFile; fileRef = 2F170B7B19C1FFCE001EED61 /* ja.mp3 */; };
		2F170B9919C1FFCE001EED61 /* ka.mp3 in Resources */ = {isa = PBXBuildFile; fileRef = 2F170B7C19C1FFCE001EED61 /* ka.mp3 */; };
		2F170B9A19C1FFCE001EED61 /* kha.mp3 in Resources */ = {isa = PBXBuildFile; fileRef = 2F170B7D19C1FFCE001EED61 /* kha.mp3 */; };
		2F170B9B19C1FFCE001EED61 /* la.mp3 in Resources */ = {isa = PBXBuildFile; fileRef = 2F170B7E19C1FFCE001EED61 /* la.mp3 */; };
		2F170B9C19C1FFCE001EED61 /* ma.mp3 in Resources */ = {isa = PBXBuildFile; fileRef = 2F170B7F19C1FFCE001EED61 /* ma.mp3 */; };
		2F170B9D19C1FFCE001EED61 /* na.mp3 in Resources */ = {isa = PBXBuildFile; fileRef = 2F170B8019C1FFCE001EED61 /* na.mp3 */; };
		2F170B9E19C1FFCE001EED61 /* nga.mp3 in Resources */ = {isa = PBXBuildFile; fileRef = 2F170B8119C1FFCE001EED61 /* nga.mp3 */; };
		2F170B9F19C1FFCE001EED61 /* nya.mp3 in Resources */ = {isa = PBXBuildFile; fileRef = 2F170B8219C1FFCE001EED61 /* nya.mp3 */; };
		2F170BA019C1FFCE001EED61 /* pa.mp3 in Resources */ = {isa = PBXBuildFile; fileRef = 2F170B8319C1FFCE001EED61 /* pa.mp3 */; };
		2F170BA119C1FFCE001EED61 /* pha.mp3 in Resources */ = {isa = PBXBuildFile; fileRef = 2F170B8419C1FFCE001EED61 /* pha.mp3 */; };
		2F170BA219C1FFCE001EED61 /* ra.mp3 in Resources */ = {isa = PBXBuildFile; fileRef = 2F170B8519C1FFCE001EED61 /* ra.mp3 */; };
		2F170BA319C1FFCE001EED61 /* sa.mp3 in Resources */ = {isa = PBXBuildFile; fileRef = 2F170B8619C1FFCE001EED61 /* sa.mp3 */; };
		2F170BA419C1FFCE001EED61 /* sha.mp3 in Resources */ = {isa = PBXBuildFile; fileRef = 2F170B8719C1FFCE001EED61 /* sha.mp3 */; };
		2F170BA519C1FFCE001EED61 /* ta.mp3 in Resources */ = {isa = PBXBuildFile; fileRef = 2F170B8819C1FFCE001EED61 /* ta.mp3 */; };
		2F170BA619C1FFCE001EED61 /* tha.mp3 in Resources */ = {isa = PBXBuildFile; fileRef = 2F170B8919C1FFCE001EED61 /* tha.mp3 */; };
		2F170BA719C1FFCE001EED61 /* tsa.mp3 in Resources */ = {isa = PBXBuildFile; fileRef = 2F170B8A19C1FFCE001EED61 /* tsa.mp3 */; };
		2F170BA819C1FFCE001EED61 /* tsha.mp3 in Resources */ = {isa = PBXBuildFile; fileRef = 2F170B8B19C1FFCE001EED61 /* tsha.mp3 */; };
		2F170BA919C1FFCE001EED61 /* wa.mp3 in Resources */ = {isa = PBXBuildFile; fileRef = 2F170B8C19C1FFCE001EED61 /* wa.mp3 */; };
		2F170BAA19C1FFCE001EED61 /* ya.mp3 in Resources */ = {isa = PBXBuildFile; fileRef = 2F170B8D19C1FFCE001EED61 /* ya.mp3 */; };
		2F170BAB19C1FFCE001EED61 /* za.mp3 in Resources */ = {isa = PBXBuildFile; fileRef = 2F170B8E19C1FFCE001EED61 /* za.mp3 */; };
		2F170BAC19C1FFCE001EED61 /* zha.mp3 in Resources */ = {isa = PBXBuildFile; fileRef = 2F170B8F19C1FFCE001EED61 /* zha.mp3 */; };
		2F170BAF19C2125B001EED61 /* CanvasImage.m in Sources */ = {isa = PBXBuildFile; fileRef = 2F170BAE19C2125B001EED61 /* CanvasImage.m */; };
		2F170BB119C2246E001EED61 /* answer@2x.png in Resources */ = {isa = PBXBuildFile; fileRef = 2F170BB019C2246E001EED61 /* answer@2x.png */; };
		2F170BB419C2297E001EED61 /* QuizControllerViewController.m in Sources */ = {isa = PBXBuildFile; fileRef = 2F170BB319C2297E001EED61 /* QuizControllerViewController.m */; };
		2F20D95419C406980026E6FB /* right@2x.png in Resources */ = {isa = PBXBuildFile; fileRef = 2F20D95219C406980026E6FB /* right@2x.png */; };
		2F20D95519C406980026E6FB /* wrong@2x.png in Resources */ = {isa = PBXBuildFile; fileRef = 2F20D95319C406980026E6FB /* wrong@2x.png */; };
		2F20D95719C40F5C0026E6FB /* ya.png in Resources */ = {isa = PBXBuildFile; fileRef = 2F20D95619C40F5C0026E6FB /* ya.png */; };
		2F289C2019C0C5D400220368 /* CharController.m in Sources */ = {isa = PBXBuildFile; fileRef = 2F289C1F19C0C5D400220368 /* CharController.m */; };
		2F289C2819C0CD6C00220368 /* top_bar@2x.png in Resources */ = {isa = PBXBuildFile; fileRef = 2F289C2719C0CD6C00220368 /* top_bar@2x.png */; };
		2F4AB94C19C08D0C00AB1C30 /* Foundation.framework in Frameworks */ = {isa = PBXBuildFile; fileRef = 2F4AB94B19C08D0C00AB1C30 /* Foundation.framework */; };
		2F4AB94E19C08D0C00AB1C30 /* CoreGraphics.framework in Frameworks */ = {isa = PBXBuildFile; fileRef = 2F4AB94D19C08D0C00AB1C30 /* CoreGraphics.framework */; };
		2F4AB95019C08D0C00AB1C30 /* UIKit.framework in Frameworks */ = {isa = PBXBuildFile; fileRef = 2F4AB94F19C08D0C00AB1C30 /* UIKit.framework */; };
		2F4AB95619C08D0C00AB1C30 /* InfoPlist.strings in Resources */ = {isa = PBXBuildFile; fileRef = 2F4AB95419C08D0C00AB1C30 /* InfoPlist.strings */; };
		2F4AB95819C08D0C00AB1C30 /* main.m in Sources */ = {isa = PBXBuildFile; fileRef = 2F4AB95719C08D0C00AB1C30 /* main.m */; };
		2F4AB95C19C08D0C00AB1C30 /* AppDelegate.m in Sources */ = {isa = PBXBuildFile; fileRef = 2F4AB95B19C08D0C00AB1C30 /* AppDelegate.m */; };
		2F4AB95F19C08D0C00AB1C30 /* Main_iPhone.storyboard in Resources */ = {isa = PBXBuildFile; fileRef = 2F4AB95D19C08D0C00AB1C30 /* Main_iPhone.storyboard */; };
		2F4AB96519C08D0C00AB1C30 /* ViewController.m in Sources */ = {isa = PBXBuildFile; fileRef = 2F4AB96419C08D0C00AB1C30 /* ViewController.m */; };
		2F4AB96E19C08D0D00AB1C30 /* XCTest.framework in Frameworks */ = {isa = PBXBuildFile; fileRef = 2F4AB96D19C08D0D00AB1C30 /* XCTest.framework */; };
		2F4AB96F19C08D0D00AB1C30 /* Foundation.framework in Frameworks */ = {isa = PBXBuildFile; fileRef = 2F4AB94B19C08D0C00AB1C30 /* Foundation.framework */; };
		2F4AB97019C08D0D00AB1C30 /* UIKit.framework in Frameworks */ = {isa = PBXBuildFile; fileRef = 2F4AB94F19C08D0C00AB1C30 /* UIKit.framework */; };
		2F4AB97819C08D0D00AB1C30 /* InfoPlist.strings in Resources */ = {isa = PBXBuildFile; fileRef = 2F4AB97619C08D0D00AB1C30 /* InfoPlist.strings */; };
		2F4AB97A19C08D0D00AB1C30 /* The_Tibetan_Alphabet_AppTests.m in Sources */ = {isa = PBXBuildFile; fileRef = 2F4AB97919C08D0D00AB1C30 /* The_Tibetan_Alphabet_AppTests.m */; };
		2F4AB98919C0B30000AB1C30 /* alphabet@2x.png in Resources */ = {isa = PBXBuildFile; fileRef = 2F4AB98819C0B30000AB1C30 /* alphabet@2x.png */; };
		2F4AB98B19C0BBA900AB1C30 /* bottom_bar@2x.png in Resources */ = {isa = PBXBuildFile; fileRef = 2F4AB98A19C0BBA900AB1C30 /* bottom_bar@2x.png */; };
/* End PBXBuildFile section */

/* Begin PBXContainerItemProxy section */
		2F4AB97119C08D0D00AB1C30 /* PBXContainerItemProxy */ = {
			isa = PBXContainerItemProxy;
			containerPortal = 2F4AB94019C08D0C00AB1C30 /* Project object */;
			proxyType = 1;
			remoteGlobalIDString = 2F4AB94719C08D0C00AB1C30;
			remoteInfo = "The Tibetan Alphabet App";
		};
/* End PBXContainerItemProxy section */

/* Begin PBXFileReference section */
		2F061F4619C1759D00F5ADC3 /* a_write@2x.jpg */ = {isa = PBXFileReference; lastKnownFileType = image.jpeg; path = "a_write@2x.jpg"; sourceTree = "<group>"; };
		2F061F4719C1759D00F5ADC3 /* ah_write@2x.jpg */ = {isa = PBXFileReference; lastKnownFileType = image.jpeg; path = "ah_write@2x.jpg"; sourceTree = "<group>"; };
		2F061F4819C1759D00F5ADC3 /* ba_write@2x.jpg */ = {isa = PBXFileReference; lastKnownFileType = image.jpeg; path = "ba_write@2x.jpg"; sourceTree = "<group>"; };
		2F061F4919C1759D00F5ADC3 /* cha_write@2x.jpg */ = {isa = PBXFileReference; lastKnownFileType = image.jpeg; path = "cha_write@2x.jpg"; sourceTree = "<group>"; };
		2F061F4A19C1759E00F5ADC3 /* chha_write@2x.jpg */ = {isa = PBXFileReference; lastKnownFileType = image.jpeg; path = "chha_write@2x.jpg"; sourceTree = "<group>"; };
		2F061F4B19C1759E00F5ADC3 /* da_write@2x.jpg */ = {isa = PBXFileReference; lastKnownFileType = image.jpeg; path = "da_write@2x.jpg"; sourceTree = "<group>"; };
		2F061F4C19C1759E00F5ADC3 /* dza_write@2x.jpg */ = {isa = PBXFileReference; lastKnownFileType = image.jpeg; path = "dza_write@2x.jpg"; sourceTree = "<group>"; };
		2F061F4D19C1759E00F5ADC3 /* ga_write@2x.jpg */ = {isa = PBXFileReference; lastKnownFileType = image.jpeg; path = "ga_write@2x.jpg"; sourceTree = "<group>"; };
		2F061F4E19C1759E00F5ADC3 /* ha_write@2x.jpg */ = {isa = PBXFileReference; lastKnownFileType = image.jpeg; path = "ha_write@2x.jpg"; sourceTree = "<group>"; };
		2F061F4F19C1759E00F5ADC3 /* ja_write@2x.jpg */ = {isa = PBXFileReference; lastKnownFileType = image.jpeg; path = "ja_write@2x.jpg"; sourceTree = "<group>"; };
		2F061F5019C1759E00F5ADC3 /* ka_write@2x.jpg */ = {isa = PBXFileReference; lastKnownFileType = image.jpeg; path = "ka_write@2x.jpg"; sourceTree = "<group>"; };
		2F061F5119C1759E00F5ADC3 /* kha_write@2x.jpg */ = {isa = PBXFileReference; lastKnownFileType = image.jpeg; path = "kha_write@2x.jpg"; sourceTree = "<group>"; };
		2F061F5219C1759E00F5ADC3 /* la_write@2x.jpg */ = {isa = PBXFileReference; lastKnownFileType = image.jpeg; path = "la_write@2x.jpg"; sourceTree = "<group>"; };
		2F061F5319C1759E00F5ADC3 /* ma_write@2x.jpg */ = {isa = PBXFileReference; lastKnownFileType = image.jpeg; path = "ma_write@2x.jpg"; sourceTree = "<group>"; };
		2F061F5419C1759E00F5ADC3 /* na_write@2x.jpg */ = {isa = PBXFileReference; lastKnownFileType = image.jpeg; path = "na_write@2x.jpg"; sourceTree = "<group>"; };
		2F061F5519C1759E00F5ADC3 /* nga_write@2x.jpg */ = {isa = PBXFileReference; lastKnownFileType = image.jpeg; path = "nga_write@2x.jpg"; sourceTree = "<group>"; };
		2F061F5619C1759E00F5ADC3 /* nya_write@2x.jpg */ = {isa = PBXFileReference; lastKnownFileType = image.jpeg; path = "nya_write@2x.jpg"; sourceTree = "<group>"; };
		2F061F5719C1759E00F5ADC3 /* pa_write@2x.jpg */ = {isa = PBXFileReference; lastKnownFileType = image.jpeg; path = "pa_write@2x.jpg"; sourceTree = "<group>"; };
		2F061F5819C1759E00F5ADC3 /* pha_write@2x.jpg */ = {isa = PBXFileReference; lastKnownFileType = image.jpeg; path = "pha_write@2x.jpg"; sourceTree = "<group>"; };
		2F061F5919C1759E00F5ADC3 /* ra_write@2x.jpg */ = {isa = PBXFileReference; lastKnownFileType = image.jpeg; path = "ra_write@2x.jpg"; sourceTree = "<group>"; };
		2F061F5A19C1759E00F5ADC3 /* sa_write@2x.jpg */ = {isa = PBXFileReference; lastKnownFileType = image.jpeg; path = "sa_write@2x.jpg"; sourceTree = "<group>"; };
		2F061F5B19C1759E00F5ADC3 /* sha_write@2x.jpg */ = {isa = PBXFileReference; lastKnownFileType = image.jpeg; path = "sha_write@2x.jpg"; sourceTree = "<group>"; };
		2F061F5C19C1759E00F5ADC3 /* ta_write@2x.jpg */ = {isa = PBXFileReference; lastKnownFileType = image.jpeg; path = "ta_write@2x.jpg"; sourceTree = "<group>"; };
		2F061F5D19C1759E00F5ADC3 /* tha_write@2x.jpg */ = {isa = PBXFileReference; lastKnownFileType = image.jpeg; path = "tha_write@2x.jpg"; sourceTree = "<group>"; };
		2F061F5E19C1759E00F5ADC3 /* tsa_write@2x.jpg */ = {isa = PBXFileReference; lastKnownFileType = image.jpeg; path = "tsa_write@2x.jpg"; sourceTree = "<group>"; };
		2F061F5F19C1759E00F5ADC3 /* tsha_write@2x.jpg */ = {isa = PBXFileReference; lastKnownFileType = image.jpeg; path = "tsha_write@2x.jpg"; sourceTree = "<group>"; };
		2F061F6019C1759E00F5ADC3 /* wa_write@2x.jpg */ = {isa = PBXFileReference; lastKnownFileType = image.jpeg; path = "wa_write@2x.jpg"; sourceTree = "<group>"; };
		2F061F6119C1759E00F5ADC3 /* ya_write@2x.jpg */ = {isa = PBXFileReference; lastKnownFileType = image.jpeg; path = "ya_write@2x.jpg"; sourceTree = "<group>"; };
		2F061F6219C1759E00F5ADC3 /* za_write@2x.jpg */ = {isa = PBXFileReference; lastKnownFileType = image.jpeg; path = "za_write@2x.jpg"; sourceTree = "<group>"; };
		2F061F6319C1759E00F5ADC3 /* zha_write@2x.jpg */ = {isa = PBXFileReference; lastKnownFileType = image.jpeg; path = "zha_write@2x.jpg"; sourceTree = "<group>"; };
		2F1605D219C367A7005EEB04 /* a_quiz@2x.png */ = {isa = PBXFileReference; lastKnownFileType = image.png; path = "a_quiz@2x.png"; sourceTree = "<group>"; };
		2F1605D319C367A7005EEB04 /* ah_quiz@2x.png */ = {isa = PBXFileReference; lastKnownFileType = image.png; path = "ah_quiz@2x.png"; sourceTree = "<group>"; };
		2F1605D419C367A7005EEB04 /* ba_quiz@2x.png */ = {isa = PBXFileReference; lastKnownFileType = image.png; path = "ba_quiz@2x.png"; sourceTree = "<group>"; };
		2F1605D519C367A7005EEB04 /* cha_quiz@2x.png */ = {isa = PBXFileReference; lastKnownFileType = image.png; path = "cha_quiz@2x.png"; sourceTree = "<group>"; };
		2F1605D619C367A7005EEB04 /* chha_quiz@2x.png */ = {isa = PBXFileReference; lastKnownFileType = image.png; path = "chha_quiz@2x.png"; sourceTree = "<group>"; };
		2F1605D719C367A7005EEB04 /* da_quiz@2x.png */ = {isa = PBXFileReference; lastKnownFileType = image.png; path = "da_quiz@2x.png"; sourceTree = "<group>"; };
		2F1605D819C367A7005EEB04 /* dza_quiz@2x.png */ = {isa = PBXFileReference; lastKnownFileType = image.png; path = "dza_quiz@2x.png"; sourceTree = "<group>"; };
		2F1605D919C367A7005EEB04 /* ga_quiz@2x.png */ = {isa = PBXFileReference; lastKnownFileType = image.png; path = "ga_quiz@2x.png"; sourceTree = "<group>"; };
		2F1605DA19C367A7005EEB04 /* ha_quiz@2x.png */ = {isa = PBXFileReference; lastKnownFileType = image.png; path = "ha_quiz@2x.png"; sourceTree = "<group>"; };
		2F1605DB19C367A7005EEB04 /* ja_quiz@2x.png */ = {isa = PBXFileReference; lastKnownFileType = image.png; path = "ja_quiz@2x.png"; sourceTree = "<group>"; };
		2F1605DC19C367A7005EEB04 /* ka_quiz@2x.png */ = {isa = PBXFileReference; lastKnownFileType = image.png; path = "ka_quiz@2x.png"; sourceTree = "<group>"; };
		2F1605DD19C367A7005EEB04 /* kha_quiz@2x.png */ = {isa = PBXFileReference; lastKnownFileType = image.png; path = "kha_quiz@2x.png"; sourceTree = "<group>"; };
		2F1605DE19C367A7005EEB04 /* la_quiz@2x.png */ = {isa = PBXFileReference; lastKnownFileType = image.png; path = "la_quiz@2x.png"; sourceTree = "<group>"; };
		2F1605DF19C367A7005EEB04 /* ma_quiz@2x.png */ = {isa = PBXFileReference; lastKnownFileType = image.png; path = "ma_quiz@2x.png"; sourceTree = "<group>"; };
		2F1605E019C367A7005EEB04 /* na_quiz@2x.png */ = {isa = PBXFileReference; lastKnownFileType = image.png; path = "na_quiz@2x.png"; sourceTree = "<group>"; };
		2F1605E119C367A7005EEB04 /* nga_quiz@2x.png */ = {isa = PBXFileReference; lastKnownFileType = image.png; path = "nga_quiz@2x.png"; sourceTree = "<group>"; };
		2F1605E219C367A7005EEB04 /* nya_quiz@2x.png */ = {isa = PBXFileReference; lastKnownFileType = image.png; path = "nya_quiz@2x.png"; sourceTree = "<group>"; };
		2F1605E319C367A7005EEB04 /* pa_quiz@2x.png */ = {isa = PBXFileReference; lastKnownFileType = image.png; path = "pa_quiz@2x.png"; sourceTree = "<group>"; };
		2F1605E419C367A7005EEB04 /* pha_quiz@2x.png */ = {isa = PBXFileReference; lastKnownFileType = image.png; path = "pha_quiz@2x.png"; sourceTree = "<group>"; };
		2F1605E519C367A7005EEB04 /* ra_quiz@2x.png */ = {isa = PBXFileReference; lastKnownFileType = image.png; path = "ra_quiz@2x.png"; sourceTree = "<group>"; };
		2F1605E619C367A7005EEB04 /* sa_quiz@2x.png */ = {isa = PBXFileReference; lastKnownFileType = image.png; path = "sa_quiz@2x.png"; sourceTree = "<group>"; };
		2F1605E719C367A7005EEB04 /* sha_quiz@2x.png */ = {isa = PBXFileReference; lastKnownFileType = image.png; path = "sha_quiz@2x.png"; sourceTree = "<group>"; };
		2F1605E819C367A7005EEB04 /* ta_quiz@2x.png */ = {isa = PBXFileReference; lastKnownFileType = image.png; path = "ta_quiz@2x.png"; sourceTree = "<group>"; };
		2F1605E919C367A7005EEB04 /* tha_quiz@2x.png */ = {isa = PBXFileReference; lastKnownFileType = image.png; path = "tha_quiz@2x.png"; sourceTree = "<group>"; };
		2F1605EA19C367A7005EEB04 /* tsa_quiz@2x.png */ = {isa = PBXFileReference; lastKnownFileType = image.png; path = "tsa_quiz@2x.png"; sourceTree = "<group>"; };
		2F1605EB19C367A7005EEB04 /* tsha_quiz@2x.png */ = {isa = PBXFileReference; lastKnownFileType = image.png; path = "tsha_quiz@2x.png"; sourceTree = "<group>"; };
		2F1605EC19C367A7005EEB04 /* wa_quiz@2x.png */ = {isa = PBXFileReference; lastKnownFileType = image.png; path = "wa_quiz@2x.png"; sourceTree = "<group>"; };
		2F1605ED19C367A7005EEB04 /* ya_quiz@2x.png */ = {isa = PBXFileReference; lastKnownFileType = image.png; path = "ya_quiz@2x.png"; sourceTree = "<group>"; };
		2F1605EE19C367A7005EEB04 /* za_quiz@2x.png */ = {isa = PBXFileReference; lastKnownFileType = image.png; path = "za_quiz@2x.png"; sourceTree = "<group>"; };
		2F1605EF19C367A7005EEB04 /* zha_quiz@2x.png */ = {isa = PBXFileReference; lastKnownFileType = image.png; path = "zha_quiz@2x.png"; sourceTree = "<group>"; };
		2F170B3519C1F40E001EED61 /* a@2x.jpg */ = {isa = PBXFileReference; lastKnownFileType = image.jpeg; path = "a@2x.jpg"; sourceTree = "<group>"; };
		2F170B3619C1F40E001EED61 /* ah@2x.jpg */ = {isa = PBXFileReference; lastKnownFileType = image.jpeg; path = "ah@2x.jpg"; sourceTree = "<group>"; };
		2F170B3719C1F40E001EED61 /* ba@2x.jpg */ = {isa = PBXFileReference; lastKnownFileType = image.jpeg; path = "ba@2x.jpg"; sourceTree = "<group>"; };
		2F170B3819C1F40E001EED61 /* cha@2x.jpg */ = {isa = PBXFileReference; lastKnownFileType = image.jpeg; path = "cha@2x.jpg"; sourceTree = "<group>"; };
		2F170B3919C1F40E001EED61 /* chha@2x.jpg */ = {isa = PBXFileReference; lastKnownFileType = image.jpeg; path = "chha@2x.jpg"; sourceTree = "<group>"; };
		2F170B3A19C1F40E001EED61 /* da@2x.jpg */ = {isa = PBXFileReference; lastKnownFileType = image.jpeg; path = "da@2x.jpg"; sourceTree = "<group>"; };
		2F170B3B19C1F40E001EED61 /* dza@2x.jpg */ = {isa = PBXFileReference; lastKnownFileType = image.jpeg; path = "dza@2x.jpg"; sourceTree = "<group>"; };
		2F170B3C19C1F40E001EED61 /* ga@2x.jpg */ = {isa = PBXFileReference; lastKnownFileType = image.jpeg; path = "ga@2x.jpg"; sourceTree = "<group>"; };
		2F170B3D19C1F40E001EED61 /* ha@2x.jpg */ = {isa = PBXFileReference; lastKnownFileType = image.jpeg; path = "ha@2x.jpg"; sourceTree = "<group>"; };
		2F170B3E19C1F40E001EED61 /* ja@2x.jpg */ = {isa = PBXFileReference; lastKnownFileType = image.jpeg; path = "ja@2x.jpg"; sourceTree = "<group>"; };
		2F170B3F19C1F40E001EED61 /* ka@2x.jpg */ = {isa = PBXFileReference; lastKnownFileType = image.jpeg; path = "ka@2x.jpg"; sourceTree = "<group>"; };
		2F170B4019C1F40E001EED61 /* kha@2x.jpg */ = {isa = PBXFileReference; lastKnownFileType = image.jpeg; path = "kha@2x.jpg"; sourceTree = "<group>"; };
		2F170B4119C1F40E001EED61 /* la@2x.jpg */ = {isa = PBXFileReference; lastKnownFileType = image.jpeg; path = "la@2x.jpg"; sourceTree = "<group>"; };
		2F170B4219C1F40E001EED61 /* ma@2x.jpg */ = {isa = PBXFileReference; lastKnownFileType = image.jpeg; path = "ma@2x.jpg"; sourceTree = "<group>"; };
		2F170B4319C1F40E001EED61 /* na@2x.jpg */ = {isa = PBXFileReference; lastKnownFileType = image.jpeg; path = "na@2x.jpg"; sourceTree = "<group>"; };
		2F170B4419C1F40E001EED61 /* nga@2x.jpg */ = {isa = PBXFileReference; lastKnownFileType = image.jpeg; path = "nga@2x.jpg"; sourceTree = "<group>"; };
		2F170B4519C1F40E001EED61 /* nya@2x.jpg */ = {isa = PBXFileReference; lastKnownFileType = image.jpeg; path = "nya@2x.jpg"; sourceTree = "<group>"; };
		2F170B4619C1F40E001EED61 /* pa@2x.jpg */ = {isa = PBXFileReference; lastKnownFileType = image.jpeg; path = "pa@2x.jpg"; sourceTree = "<group>"; };
		2F170B4719C1F40E001EED61 /* pha@2x.jpg */ = {isa = PBXFileReference; lastKnownFileType = image.jpeg; path = "pha@2x.jpg"; sourceTree = "<group>"; };
		2F170B4819C1F40E001EED61 /* ra@2x.jpg */ = {isa = PBXFileReference; lastKnownFileType = image.jpeg; path = "ra@2x.jpg"; sourceTree = "<group>"; };
		2F170B4919C1F40E001EED61 /* sa@2x.jpg */ = {isa = PBXFileReference; lastKnownFileType = image.jpeg; path = "sa@2x.jpg"; sourceTree = "<group>"; };
		2F170B4A19C1F40E001EED61 /* sha@2x.jpg */ = {isa = PBXFileReference; lastKnownFileType = image.jpeg; path = "sha@2x.jpg"; sourceTree = "<group>"; };
		2F170B4B19C1F40E001EED61 /* ta@2x.jpg */ = {isa = PBXFileReference; lastKnownFileType = image.jpeg; path = "ta@2x.jpg"; sourceTree = "<group>"; };
		2F170B4C19C1F40E001EED61 /* tha@2x.jpg */ = {isa = PBXFileReference; lastKnownFileType = image.jpeg; path = "tha@2x.jpg"; sourceTree = "<group>"; };
		2F170B4D19C1F40E001EED61 /* tsa@2x.jpg */ = {isa = PBXFileReference; lastKnownFileType = image.jpeg; path = "tsa@2x.jpg"; sourceTree = "<group>"; };
		2F170B4E19C1F40E001EED61 /* tsha@2x.jpg */ = {isa = PBXFileReference; lastKnownFileType = image.jpeg; path = "tsha@2x.jpg"; sourceTree = "<group>"; };
		2F170B4F19C1F40E001EED61 /* wa@2x.jpg */ = {isa = PBXFileReference; lastKnownFileType = image.jpeg; path = "wa@2x.jpg"; sourceTree = "<group>"; };
		2F170B5019C1F40E001EED61 /* ya@2x.jpg */ = {isa = PBXFileReference; lastKnownFileType = image.jpeg; path = "ya@2x.jpg"; sourceTree = "<group>"; };
		2F170B5119C1F40E001EED61 /* za@2x.jpg */ = {isa = PBXFileReference; lastKnownFileType = image.jpeg; path = "za@2x.jpg"; sourceTree = "<group>"; };
		2F170B5219C1F40E001EED61 /* zha@2x.jpg */ = {isa = PBXFileReference; lastKnownFileType = image.jpeg; path = "zha@2x.jpg"; sourceTree = "<group>"; };
		2F170B7119C1FE6D001EED61 /* a.mp3 */ = {isa = PBXFileReference; lastKnownFileType = audio.mp3; path = a.mp3; sourceTree = "<group>"; };
		2F170B7319C1FFCE001EED61 /* ah.mp3 */ = {isa = PBXFileReference; lastKnownFileType = audio.mp3; path = ah.mp3; sourceTree = "<group>"; };
		2F170B7419C1FFCE001EED61 /* ba.mp3 */ = {isa = PBXFileReference; lastKnownFileType = audio.mp3; path = ba.mp3; sourceTree = "<group>"; };
		2F170B7519C1FFCE001EED61 /* cha.mp3 */ = {isa = PBXFileReference; lastKnownFileType = audio.mp3; path = cha.mp3; sourceTree = "<group>"; };
		2F170B7619C1FFCE001EED61 /* chha.mp3 */ = {isa = PBXFileReference; lastKnownFileType = audio.mp3; path = chha.mp3; sourceTree = "<group>"; };
		2F170B7719C1FFCE001EED61 /* da.mp3 */ = {isa = PBXFileReference; lastKnownFileType = audio.mp3; path = da.mp3; sourceTree = "<group>"; };
		2F170B7819C1FFCE001EED61 /* dza.mp3 */ = {isa = PBXFileReference; lastKnownFileType = audio.mp3; path = dza.mp3; sourceTree = "<group>"; };
		2F170B7919C1FFCE001EED61 /* ga.mp3 */ = {isa = PBXFileReference; lastKnownFileType = audio.mp3; path = ga.mp3; sourceTree = "<group>"; };
		2F170B7A19C1FFCE001EED61 /* ha.mp3 */ = {isa = PBXFileReference; lastKnownFileType = audio.mp3; path = ha.mp3; sourceTree = "<group>"; };
		2F170B7B19C1FFCE001EED61 /* ja.mp3 */ = {isa = PBXFileReference; lastKnownFileType = audio.mp3; path = ja.mp3; sourceTree = "<group>"; };
		2F170B7C19C1FFCE001EED61 /* ka.mp3 */ = {isa = PBXFileReference; lastKnownFileType = audio.mp3; path = ka.mp3; sourceTree = "<group>"; };
		2F170B7D19C1FFCE001EED61 /* kha.mp3 */ = {isa = PBXFileReference; lastKnownFileType = audio.mp3; path = kha.mp3; sourceTree = "<group>"; };
		2F170B7E19C1FFCE001EED61 /* la.mp3 */ = {isa = PBXFileReference; lastKnownFileType = audio.mp3; path = la.mp3; sourceTree = "<group>"; };
		2F170B7F19C1FFCE001EED61 /* ma.mp3 */ = {isa = PBXFileReference; lastKnownFileType = audio.mp3; path = ma.mp3; sourceTree = "<group>"; };
		2F170B8019C1FFCE001EED61 /* na.mp3 */ = {isa = PBXFileReference; lastKnownFileType = audio.mp3; path = na.mp3; sourceTree = "<group>"; };
		2F170B8119C1FFCE001EED61 /* nga.mp3 */ = {isa = PBXFileReference; lastKnownFileType = audio.mp3; path = nga.mp3; sourceTree = "<group>"; };
		2F170B8219C1FFCE001EED61 /* nya.mp3 */ = {isa = PBXFileReference; lastKnownFileType = audio.mp3; path = nya.mp3; sourceTree = "<group>"; };
		2F170B8319C1FFCE001EED61 /* pa.mp3 */ = {isa = PBXFileReference; lastKnownFileType = audio.mp3; path = pa.mp3; sourceTree = "<group>"; };
		2F170B8419C1FFCE001EED61 /* pha.mp3 */ = {isa = PBXFileReference; lastKnownFileType = audio.mp3; path = pha.mp3; sourceTree = "<group>"; };
		2F170B8519C1FFCE001EED61 /* ra.mp3 */ = {isa = PBXFileReference; lastKnownFileType = audio.mp3; path = ra.mp3; sourceTree = "<group>"; };
		2F170B8619C1FFCE001EED61 /* sa.mp3 */ = {isa = PBXFileReference; lastKnownFileType = audio.mp3; path = sa.mp3; sourceTree = "<group>"; };
		2F170B8719C1FFCE001EED61 /* sha.mp3 */ = {isa = PBXFileReference; lastKnownFileType = audio.mp3; path = sha.mp3; sourceTree = "<group>"; };
		2F170B8819C1FFCE001EED61 /* ta.mp3 */ = {isa = PBXFileReference; lastKnownFileType = audio.mp3; path = ta.mp3; sourceTree = "<group>"; };
		2F170B8919C1FFCE001EED61 /* tha.mp3 */ = {isa = PBXFileReference; lastKnownFileType = audio.mp3; path = tha.mp3; sourceTree = "<group>"; };
		2F170B8A19C1FFCE001EED61 /* tsa.mp3 */ = {isa = PBXFileReference; lastKnownFileType = audio.mp3; path = tsa.mp3; sourceTree = "<group>"; };
		2F170B8B19C1FFCE001EED61 /* tsha.mp3 */ = {isa = PBXFileReference; lastKnownFileType = audio.mp3; path = tsha.mp3; sourceTree = "<group>"; };
		2F170B8C19C1FFCE001EED61 /* wa.mp3 */ = {isa = PBXFileReference; lastKnownFileType = audio.mp3; path = wa.mp3; sourceTree = "<group>"; };
		2F170B8D19C1FFCE001EED61 /* ya.mp3 */ = {isa = PBXFileReference; lastKnownFileType = audio.mp3; path = ya.mp3; sourceTree = "<group>"; };
		2F170B8E19C1FFCE001EED61 /* za.mp3 */ = {isa = PBXFileReference; lastKnownFileType = audio.mp3; path = za.mp3; sourceTree = "<group>"; };
		2F170B8F19C1FFCE001EED61 /* zha.mp3 */ = {isa = PBXFileReference; lastKnownFileType = audio.mp3; path = zha.mp3; sourceTree = "<group>"; };
		2F170BAD19C2125B001EED61 /* CanvasImage.h */ = {isa = PBXFileReference; fileEncoding = 4; lastKnownFileType = sourcecode.c.h; path = CanvasImage.h; sourceTree = "<group>"; };
		2F170BAE19C2125B001EED61 /* CanvasImage.m */ = {isa = PBXFileReference; fileEncoding = 4; lastKnownFileType = sourcecode.c.objc; path = CanvasImage.m; sourceTree = "<group>"; };
		2F170BB019C2246E001EED61 /* answer@2x.png */ = {isa = PBXFileReference; lastKnownFileType = image.png; path = "answer@2x.png"; sourceTree = "<group>"; };
		2F170BB219C2297E001EED61 /* QuizControllerViewController.h */ = {isa = PBXFileReference; fileEncoding = 4; lastKnownFileType = sourcecode.c.h; path = QuizControllerViewController.h; sourceTree = "<group>"; };
		2F170BB319C2297E001EED61 /* QuizControllerViewController.m */ = {isa = PBXFileReference; fileEncoding = 4; lastKnownFileType = sourcecode.c.objc; path = QuizControllerViewController.m; sourceTree = "<group>"; };
		2F20D95219C406980026E6FB /* right@2x.png */ = {isa = PBXFileReference; lastKnownFileType = image.png; path = "right@2x.png"; sourceTree = "<group>"; };
		2F20D95319C406980026E6FB /* wrong@2x.png */ = {isa = PBXFileReference; lastKnownFileType = image.png; path = "wrong@2x.png"; sourceTree = "<group>"; };
		2F20D95619C40F5C0026E6FB /* ya.png */ = {isa = PBXFileReference; lastKnownFileType = image.png; path = ya.png; sourceTree = "<group>"; };
		2F289C1E19C0C5D400220368 /* CharController.h */ = {isa = PBXFileReference; fileEncoding = 4; lastKnownFileType = sourcecode.c.h; path = CharController.h; sourceTree = "<group>"; };
		2F289C1F19C0C5D400220368 /* CharController.m */ = {isa = PBXFileReference; fileEncoding = 4; lastKnownFileType = sourcecode.c.objc; path = CharController.m; sourceTree = "<group>"; };
		2F289C2719C0CD6C00220368 /* top_bar@2x.png */ = {isa = PBXFileReference; lastKnownFileType = image.png; path = "top_bar@2x.png"; sourceTree = "<group>"; };
		2F4AB94819C08D0C00AB1C30 /* The Tibetan Alphabet App.app */ = {isa = PBXFileReference; explicitFileType = wrapper.application; includeInIndex = 0; path = "The Tibetan Alphabet App.app"; sourceTree = BUILT_PRODUCTS_DIR; };
		2F4AB94B19C08D0C00AB1C30 /* Foundation.framework */ = {isa = PBXFileReference; lastKnownFileType = wrapper.framework; name = Foundation.framework; path = System/Library/Frameworks/Foundation.framework; sourceTree = SDKROOT; };
		2F4AB94D19C08D0C00AB1C30 /* CoreGraphics.framework */ = {isa = PBXFileReference; lastKnownFileType = wrapper.framework; name = CoreGraphics.framework; path = System/Library/Frameworks/CoreGraphics.framework; sourceTree = SDKROOT; };
		2F4AB94F19C08D0C00AB1C30 /* UIKit.framework */ = {isa = PBXFileReference; lastKnownFileType = wrapper.framework; name = UIKit.framework; path = System/Library/Frameworks/UIKit.framework; sourceTree = SDKROOT; };
		2F4AB95319C08D0C00AB1C30 /* The Tibetan Alphabet App-Info.plist */ = {isa = PBXFileReference; lastKnownFileType = text.plist.xml; path = "The Tibetan Alphabet App-Info.plist"; sourceTree = "<group>"; };
		2F4AB95519C08D0C00AB1C30 /* en */ = {isa = PBXFileReference; lastKnownFileType = text.plist.strings; name = en; path = en.lproj/InfoPlist.strings; sourceTree = "<group>"; };
		2F4AB95719C08D0C00AB1C30 /* main.m */ = {isa = PBXFileReference; lastKnownFileType = sourcecode.c.objc; path = main.m; sourceTree = "<group>"; };
		2F4AB95919C08D0C00AB1C30 /* The Tibetan Alphabet App-Prefix.pch */ = {isa = PBXFileReference; lastKnownFileType = sourcecode.c.h; path = "The Tibetan Alphabet App-Prefix.pch"; sourceTree = "<group>"; };
		2F4AB95A19C08D0C00AB1C30 /* AppDelegate.h */ = {isa = PBXFileReference; lastKnownFileType = sourcecode.c.h; path = AppDelegate.h; sourceTree = "<group>"; };
		2F4AB95B19C08D0C00AB1C30 /* AppDelegate.m */ = {isa = PBXFileReference; lastKnownFileType = sourcecode.c.objc; path = AppDelegate.m; sourceTree = "<group>"; };
		2F4AB95E19C08D0C00AB1C30 /* Base */ = {isa = PBXFileReference; lastKnownFileType = file.storyboard; name = Base; path = Base.lproj/Main_iPhone.storyboard; sourceTree = "<group>"; };
		2F4AB96319C08D0C00AB1C30 /* ViewController.h */ = {isa = PBXFileReference; lastKnownFileType = sourcecode.c.h; path = ViewController.h; sourceTree = "<group>"; };
		2F4AB96419C08D0C00AB1C30 /* ViewController.m */ = {isa = PBXFileReference; lastKnownFileType = sourcecode.c.objc; path = ViewController.m; sourceTree = "<group>"; };
		2F4AB96C19C08D0D00AB1C30 /* The Tibetan Alphabet AppTests.xctest */ = {isa = PBXFileReference; explicitFileType = wrapper.cfbundle; includeInIndex = 0; path = "The Tibetan Alphabet AppTests.xctest"; sourceTree = BUILT_PRODUCTS_DIR; };
		2F4AB96D19C08D0D00AB1C30 /* XCTest.framework */ = {isa = PBXFileReference; lastKnownFileType = wrapper.framework; name = XCTest.framework; path = Library/Frameworks/XCTest.framework; sourceTree = DEVELOPER_DIR; };
		2F4AB97519C08D0D00AB1C30 /* The Tibetan Alphabet AppTests-Info.plist */ = {isa = PBXFileReference; lastKnownFileType = text.plist.xml; path = "The Tibetan Alphabet AppTests-Info.plist"; sourceTree = "<group>"; };
		2F4AB97719C08D0D00AB1C30 /* en */ = {isa = PBXFileReference; lastKnownFileType = text.plist.strings; name = en; path = en.lproj/InfoPlist.strings; sourceTree = "<group>"; };
		2F4AB97919C08D0D00AB1C30 /* The_Tibetan_Alphabet_AppTests.m */ = {isa = PBXFileReference; lastKnownFileType = sourcecode.c.objc; path = The_Tibetan_Alphabet_AppTests.m; sourceTree = "<group>"; };
		2F4AB98819C0B30000AB1C30 /* alphabet@2x.png */ = {isa = PBXFileReference; lastKnownFileType = image.png; path = "alphabet@2x.png"; sourceTree = "<group>"; };
		2F4AB98A19C0BBA900AB1C30 /* bottom_bar@2x.png */ = {isa = PBXFileReference; lastKnownFileType = image.png; path = "bottom_bar@2x.png"; sourceTree = "<group>"; };
/* End PBXFileReference section */

/* Begin PBXFrameworksBuildPhase section */
		2F4AB94519C08D0C00AB1C30 /* Frameworks */ = {
			isa = PBXFrameworksBuildPhase;
			buildActionMask = 2147483647;
			files = (
				2F4AB94E19C08D0C00AB1C30 /* CoreGraphics.framework in Frameworks */,
				2F4AB95019C08D0C00AB1C30 /* UIKit.framework in Frameworks */,
				2F4AB94C19C08D0C00AB1C30 /* Foundation.framework in Frameworks */,
			);
			runOnlyForDeploymentPostprocessing = 0;
		};
		2F4AB96919C08D0D00AB1C30 /* Frameworks */ = {
			isa = PBXFrameworksBuildPhase;
			buildActionMask = 2147483647;
			files = (
				2F4AB96E19C08D0D00AB1C30 /* XCTest.framework in Frameworks */,
				2F4AB97019C08D0D00AB1C30 /* UIKit.framework in Frameworks */,
				2F4AB96F19C08D0D00AB1C30 /* Foundation.framework in Frameworks */,
			);
			runOnlyForDeploymentPostprocessing = 0;
		};
/* End PBXFrameworksBuildPhase section */

/* Begin PBXGroup section */
		2F4AB93F19C08D0C00AB1C30 = {
			isa = PBXGroup;
			children = (
				2F4AB95119C08D0C00AB1C30 /* The Tibetan Alphabet App */,
				2F4AB97319C08D0D00AB1C30 /* The Tibetan Alphabet AppTests */,
				2F4AB94A19C08D0C00AB1C30 /* Frameworks */,
				2F4AB94919C08D0C00AB1C30 /* Products */,
			);
			sourceTree = "<group>";
		};
		2F4AB94919C08D0C00AB1C30 /* Products */ = {
			isa = PBXGroup;
			children = (
				2F4AB94819C08D0C00AB1C30 /* The Tibetan Alphabet App.app */,
				2F4AB96C19C08D0D00AB1C30 /* The Tibetan Alphabet AppTests.xctest */,
			);
			name = Products;
			sourceTree = "<group>";
		};
		2F4AB94A19C08D0C00AB1C30 /* Frameworks */ = {
			isa = PBXGroup;
			children = (
				2F4AB94B19C08D0C00AB1C30 /* Foundation.framework */,
				2F4AB94D19C08D0C00AB1C30 /* CoreGraphics.framework */,
				2F4AB94F19C08D0C00AB1C30 /* UIKit.framework */,
				2F4AB96D19C08D0D00AB1C30 /* XCTest.framework */,
			);
			name = Frameworks;
			sourceTree = "<group>";
		};
		2F4AB95119C08D0C00AB1C30 /* The Tibetan Alphabet App */ = {
			isa = PBXGroup;
			children = (
				2F20D95619C40F5C0026E6FB /* ya.png */,
				2F4AB98319C0A2E600AB1C30 /* Resource */,
				2F4AB95A19C08D0C00AB1C30 /* AppDelegate.h */,
				2F4AB95B19C08D0C00AB1C30 /* AppDelegate.m */,
				2F4AB95D19C08D0C00AB1C30 /* Main_iPhone.storyboard */,
				2F4AB96319C08D0C00AB1C30 /* ViewController.h */,
				2F4AB96419C08D0C00AB1C30 /* ViewController.m */,
				2F4AB95219C08D0C00AB1C30 /* Supporting Files */,
				2F289C1E19C0C5D400220368 /* CharController.h */,
				2F289C1F19C0C5D400220368 /* CharController.m */,
				2F170BAD19C2125B001EED61 /* CanvasImage.h */,
				2F170BAE19C2125B001EED61 /* CanvasImage.m */,
				2F170BB219C2297E001EED61 /* QuizControllerViewController.h */,
				2F170BB319C2297E001EED61 /* QuizControllerViewController.m */,
			);
			path = "The Tibetan Alphabet App";
			sourceTree = "<group>";
		};
		2F4AB95219C08D0C00AB1C30 /* Supporting Files */ = {
			isa = PBXGroup;
			children = (
				2F4AB95319C08D0C00AB1C30 /* The Tibetan Alphabet App-Info.plist */,
				2F4AB95419C08D0C00AB1C30 /* InfoPlist.strings */,
				2F4AB95719C08D0C00AB1C30 /* main.m */,
				2F4AB95919C08D0C00AB1C30 /* The Tibetan Alphabet App-Prefix.pch */,
			);
			name = "Supporting Files";
			sourceTree = "<group>";
		};
		2F4AB97319C08D0D00AB1C30 /* The Tibetan Alphabet AppTests */ = {
			isa = PBXGroup;
			children = (
				2F4AB97919C08D0D00AB1C30 /* The_Tibetan_Alphabet_AppTests.m */,
				2F4AB97419C08D0D00AB1C30 /* Supporting Files */,
			);
			path = "The Tibetan Alphabet AppTests";
			sourceTree = "<group>";
		};
		2F4AB97419C08D0D00AB1C30 /* Supporting Files */ = {
			isa = PBXGroup;
			children = (
				2F4AB97519C08D0D00AB1C30 /* The Tibetan Alphabet AppTests-Info.plist */,
				2F4AB97619C08D0D00AB1C30 /* InfoPlist.strings */,
			);
			name = "Supporting Files";
			sourceTree = "<group>";
		};
		2F4AB98319C0A2E600AB1C30 /* Resource */ = {
			isa = PBXGroup;
			children = (
				2F20D95219C406980026E6FB /* right@2x.png */,
				2F20D95319C406980026E6FB /* wrong@2x.png */,
				2F1605D219C367A7005EEB04 /* a_quiz@2x.png */,
				2F1605D319C367A7005EEB04 /* ah_quiz@2x.png */,
				2F1605D419C367A7005EEB04 /* ba_quiz@2x.png */,
				2F1605D519C367A7005EEB04 /* cha_quiz@2x.png */,
				2F1605D619C367A7005EEB04 /* chha_quiz@2x.png */,
				2F1605D719C367A7005EEB04 /* da_quiz@2x.png */,
				2F1605D819C367A7005EEB04 /* dza_quiz@2x.png */,
				2F1605D919C367A7005EEB04 /* ga_quiz@2x.png */,
				2F1605DA19C367A7005EEB04 /* ha_quiz@2x.png */,
				2F1605DB19C367A7005EEB04 /* ja_quiz@2x.png */,
				2F1605DC19C367A7005EEB04 /* ka_quiz@2x.png */,
				2F1605DD19C367A7005EEB04 /* kha_quiz@2x.png */,
				2F1605DE19C367A7005EEB04 /* la_quiz@2x.png */,
				2F1605DF19C367A7005EEB04 /* ma_quiz@2x.png */,
				2F1605E019C367A7005EEB04 /* na_quiz@2x.png */,
				2F1605E119C367A7005EEB04 /* nga_quiz@2x.png */,
				2F1605E219C367A7005EEB04 /* nya_quiz@2x.png */,
				2F1605E319C367A7005EEB04 /* pa_quiz@2x.png */,
				2F1605E419C367A7005EEB04 /* pha_quiz@2x.png */,
				2F1605E519C367A7005EEB04 /* ra_quiz@2x.png */,
				2F1605E619C367A7005EEB04 /* sa_quiz@2x.png */,
				2F1605E719C367A7005EEB04 /* sha_quiz@2x.png */,
				2F1605E819C367A7005EEB04 /* ta_quiz@2x.png */,
				2F1605E919C367A7005EEB04 /* tha_quiz@2x.png */,
				2F1605EA19C367A7005EEB04 /* tsa_quiz@2x.png */,
				2F1605EB19C367A7005EEB04 /* tsha_quiz@2x.png */,
				2F1605EC19C367A7005EEB04 /* wa_quiz@2x.png */,
				2F1605ED19C367A7005EEB04 /* ya_quiz@2x.png */,
				2F1605EE19C367A7005EEB04 /* za_quiz@2x.png */,
				2F1605EF19C367A7005EEB04 /* zha_quiz@2x.png */,
				2F170B7119C1FE6D001EED61 /* a.mp3 */,
				2F170B3519C1F40E001EED61 /* a@2x.jpg */,
				2F061F4619C1759D00F5ADC3 /* a_write@2x.jpg */,
				2F170B7319C1FFCE001EED61 /* ah.mp3 */,
				2F170BB019C2246E001EED61 /* answer@2x.png */,
				2F170B3619C1F40E001EED61 /* ah@2x.jpg */,
				2F061F4719C1759D00F5ADC3 /* ah_write@2x.jpg */,
				2F4AB98819C0B30000AB1C30 /* alphabet@2x.png */,
				2F170B7419C1FFCE001EED61 /* ba.mp3 */,
				2F170B3719C1F40E001EED61 /* ba@2x.jpg */,
				2F061F4819C1759D00F5ADC3 /* ba_write@2x.jpg */,
				2F4AB98A19C0BBA900AB1C30 /* bottom_bar@2x.png */,
				2F170B7519C1FFCE001EED61 /* cha.mp3 */,
				2F170B3819C1F40E001EED61 /* cha@2x.jpg */,
				2F061F4919C1759D00F5ADC3 /* cha_write@2x.jpg */,
				2F170B7619C1FFCE001EED61 /* chha.mp3 */,
				2F170B3919C1F40E001EED61 /* chha@2x.jpg */,
				2F061F4A19C1759E00F5ADC3 /* chha_write@2x.jpg */,
				2F170B7719C1FFCE001EED61 /* da.mp3 */,
				2F170B3A19C1F40E001EED61 /* da@2x.jpg */,
				2F061F4B19C1759E00F5ADC3 /* da_write@2x.jpg */,
				2F170B7819C1FFCE001EED61 /* dza.mp3 */,
				2F170B3B19C1F40E001EED61 /* dza@2x.jpg */,
				2F061F4C19C1759E00F5ADC3 /* dza_write@2x.jpg */,
				2F170B7919C1FFCE001EED61 /* ga.mp3 */,
				2F170B3C19C1F40E001EED61 /* ga@2x.jpg */,
				2F061F4D19C1759E00F5ADC3 /* ga_write@2x.jpg */,
				2F170B7A19C1FFCE001EED61 /* ha.mp3 */,
				2F170B3D19C1F40E001EED61 /* ha@2x.jpg */,
				2F061F4E19C1759E00F5ADC3 /* ha_write@2x.jpg */,
				2F170B7B19C1FFCE001EED61 /* ja.mp3 */,
				2F170B3E19C1F40E001EED61 /* ja@2x.jpg */,
				2F061F4F19C1759E00F5ADC3 /* ja_write@2x.jpg */,
				2F170B7C19C1FFCE001EED61 /* ka.mp3 */,
				2F170B3F19C1F40E001EED61 /* ka@2x.jpg */,
				2F061F5019C1759E00F5ADC3 /* ka_write@2x.jpg */,
				2F170B7D19C1FFCE001EED61 /* kha.mp3 */,
				2F170B4019C1F40E001EED61 /* kha@2x.jpg */,
				2F061F5119C1759E00F5ADC3 /* kha_write@2x.jpg */,
				2F170B7E19C1FFCE001EED61 /* la.mp3 */,
				2F170B4119C1F40E001EED61 /* la@2x.jpg */,
				2F061F5219C1759E00F5ADC3 /* la_write@2x.jpg */,
				2F170B7F19C1FFCE001EED61 /* ma.mp3 */,
				2F170B4219C1F40E001EED61 /* ma@2x.jpg */,
				2F061F5319C1759E00F5ADC3 /* ma_write@2x.jpg */,
				2F170B8019C1FFCE001EED61 /* na.mp3 */,
				2F170B4319C1F40E001EED61 /* na@2x.jpg */,
				2F061F5419C1759E00F5ADC3 /* na_write@2x.jpg */,
				2F170B8119C1FFCE001EED61 /* nga.mp3 */,
				2F170B4419C1F40E001EED61 /* nga@2x.jpg */,
				2F061F5519C1759E00F5ADC3 /* nga_write@2x.jpg */,
				2F170B8219C1FFCE001EED61 /* nya.mp3 */,
				2F170B4519C1F40E001EED61 /* nya@2x.jpg */,
				2F061F5619C1759E00F5ADC3 /* nya_write@2x.jpg */,
				2F170B8319C1FFCE001EED61 /* pa.mp3 */,
				2F170B4619C1F40E001EED61 /* pa@2x.jpg */,
				2F061F5719C1759E00F5ADC3 /* pa_write@2x.jpg */,
				2F170B8419C1FFCE001EED61 /* pha.mp3 */,
				2F170B4719C1F40E001EED61 /* pha@2x.jpg */,
				2F061F5819C1759E00F5ADC3 /* pha_write@2x.jpg */,
				2F170B8519C1FFCE001EED61 /* ra.mp3 */,
				2F170B4819C1F40E001EED61 /* ra@2x.jpg */,
				2F061F5919C1759E00F5ADC3 /* ra_write@2x.jpg */,
				2F170B8619C1FFCE001EED61 /* sa.mp3 */,
				2F170B4919C1F40E001EED61 /* sa@2x.jpg */,
				2F061F5A19C1759E00F5ADC3 /* sa_write@2x.jpg */,
				2F170B8719C1FFCE001EED61 /* sha.mp3 */,
				2F170B4A19C1F40E001EED61 /* sha@2x.jpg */,
				2F061F5B19C1759E00F5ADC3 /* sha_write@2x.jpg */,
				2F170B8819C1FFCE001EED61 /* ta.mp3 */,
				2F170B4B19C1F40E001EED61 /* ta@2x.jpg */,
				2F061F5C19C1759E00F5ADC3 /* ta_write@2x.jpg */,
				2F170B8919C1FFCE001EED61 /* tha.mp3 */,
				2F170B4C19C1F40E001EED61 /* tha@2x.jpg */,
				2F061F5D19C1759E00F5ADC3 /* tha_write@2x.jpg */,
				2F289C2719C0CD6C00220368 /* top_bar@2x.png */,
				2F170B8A19C1FFCE001EED61 /* tsa.mp3 */,
				2F170B4D19C1F40E001EED61 /* tsa@2x.jpg */,
				2F061F5E19C1759E00F5ADC3 /* tsa_write@2x.jpg */,
				2F170B8B19C1FFCE001EED61 /* tsha.mp3 */,
				2F170B4E19C1F40E001EED61 /* tsha@2x.jpg */,
				2F061F5F19C1759E00F5ADC3 /* tsha_write@2x.jpg */,
				2F170B8C19C1FFCE001EED61 /* wa.mp3 */,
				2F170B4F19C1F40E001EED61 /* wa@2x.jpg */,
				2F061F6019C1759E00F5ADC3 /* wa_write@2x.jpg */,
				2F170B8D19C1FFCE001EED61 /* ya.mp3 */,
				2F170B5019C1F40E001EED61 /* ya@2x.jpg */,
				2F061F6119C1759E00F5ADC3 /* ya_write@2x.jpg */,
				2F170B8E19C1FFCE001EED61 /* za.mp3 */,
				2F170B5119C1F40E001EED61 /* za@2x.jpg */,
				2F061F6219C1759E00F5ADC3 /* za_write@2x.jpg */,
				2F170B8F19C1FFCE001EED61 /* zha.mp3 */,
				2F170B5219C1F40E001EED61 /* zha@2x.jpg */,
				2F061F6319C1759E00F5ADC3 /* zha_write@2x.jpg */,
			);
			name = Resource;
			sourceTree = "<group>";
		};
/* End PBXGroup section */

/* Begin PBXNativeTarget section */
		2F4AB94719C08D0C00AB1C30 /* The Tibetan Alphabet App */ = {
			isa = PBXNativeTarget;
			buildConfigurationList = 2F4AB97D19C08D0D00AB1C30 /* Build configuration list for PBXNativeTarget "The Tibetan Alphabet App" */;
			buildPhases = (
				2F4AB94419C08D0C00AB1C30 /* Sources */,
				2F4AB94519C08D0C00AB1C30 /* Frameworks */,
				2F4AB94619C08D0C00AB1C30 /* Resources */,
			);
			buildRules = (
			);
			dependencies = (
			);
			name = "The Tibetan Alphabet App";
			productName = "The Tibetan Alphabet App";
			productReference = 2F4AB94819C08D0C00AB1C30 /* The Tibetan Alphabet App.app */;
			productType = "com.apple.product-type.application";
		};
		2F4AB96B19C08D0D00AB1C30 /* The Tibetan Alphabet AppTests */ = {
			isa = PBXNativeTarget;
			buildConfigurationList = 2F4AB98019C08D0D00AB1C30 /* Build configuration list for PBXNativeTarget "The Tibetan Alphabet AppTests" */;
			buildPhases = (
				2F4AB96819C08D0D00AB1C30 /* Sources */,
				2F4AB96919C08D0D00AB1C30 /* Frameworks */,
				2F4AB96A19C08D0D00AB1C30 /* Resources */,
			);
			buildRules = (
			);
			dependencies = (
				2F4AB97219C08D0D00AB1C30 /* PBXTargetDependency */,
			);
			name = "The Tibetan Alphabet AppTests";
			productName = "The Tibetan Alphabet AppTests";
			productReference = 2F4AB96C19C08D0D00AB1C30 /* The Tibetan Alphabet AppTests.xctest */;
			productType = "com.apple.product-type.bundle.unit-test";
		};
/* End PBXNativeTarget section */

/* Begin PBXProject section */
		2F4AB94019C08D0C00AB1C30 /* Project object */ = {
			isa = PBXProject;
			attributes = {
				LastUpgradeCheck = 0510;
				ORGANIZATIONNAME = cycrix;
				TargetAttributes = {
					2F4AB96B19C08D0D00AB1C30 = {
						TestTargetID = 2F4AB94719C08D0C00AB1C30;
					};
				};
			};
			buildConfigurationList = 2F4AB94319C08D0C00AB1C30 /* Build configuration list for PBXProject "The Tibetan Alphabet App" */;
			compatibilityVersion = "Xcode 3.2";
			developmentRegion = English;
			hasScannedForEncodings = 0;
			knownRegions = (
				en,
				Base,
			);
			mainGroup = 2F4AB93F19C08D0C00AB1C30;
			productRefGroup = 2F4AB94919C08D0C00AB1C30 /* Products */;
			projectDirPath = "";
			projectRoot = "";
			targets = (
				2F4AB94719C08D0C00AB1C30 /* The Tibetan Alphabet App */,
				2F4AB96B19C08D0D00AB1C30 /* The Tibetan Alphabet AppTests */,
			);
		};
/* End PBXProject section */

/* Begin PBXResourcesBuildPhase section */
		2F4AB94619C08D0C00AB1C30 /* Resources */ = {
			isa = PBXResourcesBuildPhase;
			buildActionMask = 2147483647;
			files = (
				2F170B6A19C1F40E001EED61 /* tha@2x.jpg in Resources */,
				2F061F6619C1759E00F5ADC3 /* ba_write@2x.jpg in Resources */,
				2F061F6419C1759E00F5ADC3 /* a_write@2x.jpg in Resources */,
				2F1605FF19C367A7005EEB04 /* nga_quiz@2x.png in Resources */,
				2F170B5319C1F40E001EED61 /* a@2x.jpg in Resources */,
				2F061F7019C1759E00F5ADC3 /* la_write@2x.jpg in Resources */,
				2F20D95419C406980026E6FB /* right@2x.png in Resources */,
				2F061F7D19C1759E00F5ADC3 /* tsha_write@2x.jpg in Resources */,
				2F170B5A19C1F40E001EED61 /* ga@2x.jpg in Resources */,
				2F170B9619C1FFCE001EED61 /* ga.mp3 in Resources */,
				2F170B5519C1F40E001EED61 /* ba@2x.jpg in Resources */,
				2F1605F119C367A7005EEB04 /* ah_quiz@2x.png in Resources */,
				2F061F7119C1759E00F5ADC3 /* ma_write@2x.jpg in Resources */,
				2F170B9D19C1FFCE001EED61 /* na.mp3 in Resources */,
				2F061F7A19C1759E00F5ADC3 /* ta_write@2x.jpg in Resources */,
				2F20D95519C406980026E6FB /* wrong@2x.png in Resources */,
				2F1605F219C367A7005EEB04 /* ba_quiz@2x.png in Resources */,
				2F061F7B19C1759E00F5ADC3 /* tha_write@2x.jpg in Resources */,
				2F061F7819C1759E00F5ADC3 /* sa_write@2x.jpg in Resources */,
				2F1605F519C367A7005EEB04 /* da_quiz@2x.png in Resources */,
				2F170B6919C1F40E001EED61 /* ta@2x.jpg in Resources */,
				2F170B9A19C1FFCE001EED61 /* kha.mp3 in Resources */,
				2F170B7019C1F40E001EED61 /* zha@2x.jpg in Resources */,
				2F061F7719C1759E00F5ADC3 /* ra_write@2x.jpg in Resources */,
				2F061F6919C1759E00F5ADC3 /* da_write@2x.jpg in Resources */,
				2F170B5819C1F40E001EED61 /* da@2x.jpg in Resources */,
				2F170B6119C1F40E001EED61 /* na@2x.jpg in Resources */,
				2F170B7219C1FE6D001EED61 /* a.mp3 in Resources */,
				2F170B5F19C1F40E001EED61 /* la@2x.jpg in Resources */,
				2F061F6C19C1759E00F5ADC3 /* ha_write@2x.jpg in Resources */,
				2F1605F419C367A7005EEB04 /* chha_quiz@2x.png in Resources */,
				2F170B6D19C1F40E001EED61 /* wa@2x.jpg in Resources */,
				2F170BA819C1FFCE001EED61 /* tsha.mp3 in Resources */,
				2F16060819C367A7005EEB04 /* tsa_quiz@2x.png in Resources */,
				2F170B6B19C1F40E001EED61 /* tsa@2x.jpg in Resources */,
				2F061F6F19C1759E00F5ADC3 /* kha_write@2x.jpg in Resources */,
				2F1605F019C367A7005EEB04 /* a_quiz@2x.png in Resources */,
				2F16060D19C367A7005EEB04 /* zha_quiz@2x.png in Resources */,
				2F1605FE19C367A7005EEB04 /* na_quiz@2x.png in Resources */,
				2F170B9419C1FFCE001EED61 /* da.mp3 in Resources */,
				2F16060219C367A7005EEB04 /* pha_quiz@2x.png in Resources */,
				2F170B5619C1F40E001EED61 /* cha@2x.jpg in Resources */,
				2F061F6719C1759E00F5ADC3 /* cha_write@2x.jpg in Resources */,
				2F061F7F19C1759E00F5ADC3 /* ya_write@2x.jpg in Resources */,
				2F16060519C367A7005EEB04 /* sha_quiz@2x.png in Resources */,
				2F289C2819C0CD6C00220368 /* top_bar@2x.png in Resources */,
				2F170B6719C1F40E001EED61 /* sa@2x.jpg in Resources */,
				2F170B6419C1F40E001EED61 /* pa@2x.jpg in Resources */,
				2F170B5719C1F40E001EED61 /* chha@2x.jpg in Resources */,
				2F1605F919C367A7005EEB04 /* ja_quiz@2x.png in Resources */,
				2F061F7219C1759E00F5ADC3 /* na_write@2x.jpg in Resources */,
				2F16060619C367A7005EEB04 /* ta_quiz@2x.png in Resources */,
				2F16060419C367A7005EEB04 /* sa_quiz@2x.png in Resources */,
				2F170B9719C1FFCE001EED61 /* ha.mp3 in Resources */,
				2F170B5C19C1F40E001EED61 /* ja@2x.jpg in Resources */,
				2F1605FC19C367A7005EEB04 /* la_quiz@2x.png in Resources */,
				2F170BAB19C1FFCE001EED61 /* za.mp3 in Resources */,
				2F061F7519C1759E00F5ADC3 /* pa_write@2x.jpg in Resources */,
				2F170BA719C1FFCE001EED61 /* tsa.mp3 in Resources */,
				2F170B6C19C1F40E001EED61 /* tsha@2x.jpg in Resources */,
				2F16060919C367A7005EEB04 /* tsha_quiz@2x.png in Resources */,
				2F061F6519C1759E00F5ADC3 /* ah_write@2x.jpg in Resources */,
				2F4AB95F19C08D0C00AB1C30 /* Main_iPhone.storyboard in Resources */,
				2F4AB95619C08D0C00AB1C30 /* InfoPlist.strings in Resources */,
				2F20D95719C40F5C0026E6FB /* ya.png in Resources */,
				2F170BAA19C1FFCE001EED61 /* ya.mp3 in Resources */,
				2F170B9519C1FFCE001EED61 /* dza.mp3 in Resources */,
				2F16060019C367A7005EEB04 /* nya_quiz@2x.png in Resources */,
				2F061F8019C1759E00F5ADC3 /* za_write@2x.jpg in Resources */,
				2F061F8119C1759E00F5ADC3 /* zha_write@2x.jpg in Resources */,
				2F16060B19C367A7005EEB04 /* ya_quiz@2x.png in Resources */,
				2F16060719C367A7005EEB04 /* tha_quiz@2x.png in Resources */,
				2F4AB98919C0B30000AB1C30 /* alphabet@2x.png in Resources */,
				2F061F7C19C1759E00F5ADC3 /* tsa_write@2x.jpg in Resources */,
				2F1605FD19C367A7005EEB04 /* ma_quiz@2x.png in Resources */,
				2F061F7419C1759E00F5ADC3 /* nya_write@2x.jpg in Resources */,
				2F170B9319C1FFCE001EED61 /* chha.mp3 in Resources */,
				2F170B9C19C1FFCE001EED61 /* ma.mp3 in Resources */,
				2F170B6019C1F40E001EED61 /* ma@2x.jpg in Resources */,
				2F1605FA19C367A7005EEB04 /* ka_quiz@2x.png in Resources */,
				2F16060319C367A7005EEB04 /* ra_quiz@2x.png in Resources */,
				2F170B9019C1FFCE001EED61 /* ah.mp3 in Resources */,
				2F170B6619C1F40E001EED61 /* ra@2x.jpg in Resources */,
				2F170BA219C1FFCE001EED61 /* ra.mp3 in Resources */,
				2F170B9119C1FFCE001EED61 /* ba.mp3 in Resources */,
				2F061F6E19C1759E00F5ADC3 /* ka_write@2x.jpg in Resources */,
				2F170BA319C1FFCE001EED61 /* sa.mp3 in Resources */,
				2F1605F719C367A7005EEB04 /* ga_quiz@2x.png in Resources */,
				2F170BA519C1FFCE001EED61 /* ta.mp3 in Resources */,
				2F170B6219C1F40E001EED61 /* nga@2x.jpg in Resources */,
				2F170B9819C1FFCE001EED61 /* ja.mp3 in Resources */,
				2F1605F819C367A7005EEB04 /* ha_quiz@2x.png in Resources */,
				2F16060119C367A7005EEB04 /* pa_quiz@2x.png in Resources */,
				2F061F6B19C1759E00F5ADC3 /* ga_write@2x.jpg in Resources */,
				2F170B6F19C1F40E001EED61 /* za@2x.jpg in Resources */,
				2F16060A19C367A7005EEB04 /* wa_quiz@2x.png in Resources */,
				2F170BA019C1FFCE001EED61 /* pa.mp3 in Resources */,
				2F061F6819C1759E00F5ADC3 /* chha_write@2x.jpg in Resources */,
				2F1605FB19C367A7005EEB04 /* kha_quiz@2x.png in Resources */,
				2F170B5B19C1F40E001EED61 /* ha@2x.jpg in Resources */,
				2F1605F319C367A7005EEB04 /* cha_quiz@2x.png in Resources */,
				2F16060C19C367A7005EEB04 /* za_quiz@2x.png in Resources */,
				2F170B9B19C1FFCE001EED61 /* la.mp3 in Resources */,
				2F170BAC19C1FFCE001EED61 /* zha.mp3 in Resources */,
				2F061F6D19C1759E00F5ADC3 /* ja_write@2x.jpg in Resources */,
				2F170BA919C1FFCE001EED61 /* wa.mp3 in Resources */,
				2F170B5D19C1F40E001EED61 /* ka@2x.jpg in Resources */,
				2F170B5E19C1F40E001EED61 /* kha@2x.jpg in Resources */,
				2F061F7319C1759E00F5ADC3 /* nga_write@2x.jpg in Resources */,
				2F170BA619C1FFCE001EED61 /* tha.mp3 in Resources */,
				2F061F7619C1759E00F5ADC3 /* pha_write@2x.jpg in Resources */,
				2F170B9E19C1FFCE001EED61 /* nga.mp3 in Resources */,
				2F170B9F19C1FFCE001EED61 /* nya.mp3 in Resources */,
				2F170B5919C1F40E001EED61 /* dza@2x.jpg in Resources */,
				2F170B9919C1FFCE001EED61 /* ka.mp3 in Resources */,
				2F170B6319C1F40E001EED61 /* nya@2x.jpg in Resources */,
				2F1605F619C367A7005EEB04 /* dza_quiz@2x.png in Resources */,
				2F170B5419C1F40E001EED61 /* ah@2x.jpg in Resources */,
				2F4AB98B19C0BBA900AB1C30 /* bottom_bar@2x.png in Resources */,
				2F170B6519C1F40E001EED61 /* pha@2x.jpg in Resources */,
				2F061F6A19C1759E00F5ADC3 /* dza_write@2x.jpg in Resources */,
				2F170BA419C1FFCE001EED61 /* sha.mp3 in Resources */,
				2F170B9219C1FFCE001EED61 /* cha.mp3 in Resources */,
				2F170B6E19C1F40E001EED61 /* ya@2x.jpg in Resources */,
				2F170B6819C1F40E001EED61 /* sha@2x.jpg in Resources */,
				2F061F7919C1759E00F5ADC3 /* sha_write@2x.jpg in Resources */,
				2F170BB119C2246E001EED61 /* answer@2x.png in Resources */,
				2F170BA119C1FFCE001EED61 /* pha.mp3 in Resources */,
				2F061F7E19C1759E00F5ADC3 /* wa_write@2x.jpg in Resources */,
			);
			runOnlyForDeploymentPostprocessing = 0;
		};
		2F4AB96A19C08D0D00AB1C30 /* Resources */ = {
			isa = PBXResourcesBuildPhase;
			buildActionMask = 2147483647;
			files = (
				2F4AB97819C08D0D00AB1C30 /* InfoPlist.strings in Resources */,
			);
			runOnlyForDeploymentPostprocessing = 0;
		};
/* End PBXResourcesBuildPhase section */

/* Begin PBXSourcesBuildPhase section */
		2F4AB94419C08D0C00AB1C30 /* Sources */ = {
			isa = PBXSourcesBuildPhase;
			buildActionMask = 2147483647;
			files = (
				2F4AB96519C08D0C00AB1C30 /* ViewController.m in Sources */,
				2F289C2019C0C5D400220368 /* CharController.m in Sources */,
				2F170BAF19C2125B001EED61 /* CanvasImage.m in Sources */,
				2F4AB95C19C08D0C00AB1C30 /* AppDelegate.m in Sources */,
				2F4AB95819C08D0C00AB1C30 /* main.m in Sources */,
				2F170BB419C2297E001EED61 /* QuizControllerViewController.m in Sources */,
			);
			runOnlyForDeploymentPostprocessing = 0;
		};
		2F4AB96819C08D0D00AB1C30 /* Sources */ = {
			isa = PBXSourcesBuildPhase;
			buildActionMask = 2147483647;
			files = (
				2F4AB97A19C08D0D00AB1C30 /* The_Tibetan_Alphabet_AppTests.m in Sources */,
			);
			runOnlyForDeploymentPostprocessing = 0;
		};
/* End PBXSourcesBuildPhase section */

/* Begin PBXTargetDependency section */
		2F4AB97219C08D0D00AB1C30 /* PBXTargetDependency */ = {
			isa = PBXTargetDependency;
			target = 2F4AB94719C08D0C00AB1C30 /* The Tibetan Alphabet App */;
			targetProxy = 2F4AB97119C08D0D00AB1C30 /* PBXContainerItemProxy */;
		};
/* End PBXTargetDependency section */

/* Begin PBXVariantGroup section */
		2F4AB95419C08D0C00AB1C30 /* InfoPlist.strings */ = {
			isa = PBXVariantGroup;
			children = (
				2F4AB95519C08D0C00AB1C30 /* en */,
			);
			name = InfoPlist.strings;
			sourceTree = "<group>";
		};
		2F4AB95D19C08D0C00AB1C30 /* Main_iPhone.storyboard */ = {
			isa = PBXVariantGroup;
			children = (
				2F4AB95E19C08D0C00AB1C30 /* Base */,
			);
			name = Main_iPhone.storyboard;
			sourceTree = "<group>";
		};
		2F4AB97619C08D0D00AB1C30 /* InfoPlist.strings */ = {
			isa = PBXVariantGroup;
			children = (
				2F4AB97719C08D0D00AB1C30 /* en */,
			);
			name = InfoPlist.strings;
			sourceTree = "<group>";
		};
/* End PBXVariantGroup section */

/* Begin XCBuildConfiguration section */
		2F4AB97B19C08D0D00AB1C30 /* Debug */ = {
			isa = XCBuildConfiguration;
			buildSettings = {
				ALWAYS_SEARCH_USER_PATHS = NO;
				CLANG_CXX_LANGUAGE_STANDARD = "gnu++0x";
				CLANG_CXX_LIBRARY = "libc++";
				CLANG_ENABLE_MODULES = YES;
				CLANG_ENABLE_OBJC_ARC = YES;
				CLANG_WARN_BOOL_CONVERSION = YES;
				CLANG_WARN_CONSTANT_CONVERSION = YES;
				CLANG_WARN_DIRECT_OBJC_ISA_USAGE = YES_ERROR;
				CLANG_WARN_EMPTY_BODY = YES;
				CLANG_WARN_ENUM_CONVERSION = YES;
				CLANG_WARN_INT_CONVERSION = YES;
				CLANG_WARN_OBJC_ROOT_CLASS = YES_ERROR;
				CLANG_WARN__DUPLICATE_METHOD_MATCH = YES;
				"CODE_SIGN_IDENTITY[sdk=iphoneos*]" = "iPhone Developer";
				COPY_PHASE_STRIP = NO;
				GCC_C_LANGUAGE_STANDARD = gnu99;
				GCC_DYNAMIC_NO_PIC = NO;
				GCC_OPTIMIZATION_LEVEL = 0;
				GCC_PREPROCESSOR_DEFINITIONS = (
					"DEBUG=1",
					"$(inherited)",
				);
				GCC_SYMBOLS_PRIVATE_EXTERN = NO;
				GCC_WARN_64_TO_32_BIT_CONVERSION = YES;
				GCC_WARN_ABOUT_RETURN_TYPE = YES_ERROR;
				GCC_WARN_UNDECLARED_SELECTOR = YES;
				GCC_WARN_UNINITIALIZED_AUTOS = YES_AGGRESSIVE;
				GCC_WARN_UNUSED_FUNCTION = YES;
				GCC_WARN_UNUSED_VARIABLE = YES;
				IPHONEOS_DEPLOYMENT_TARGET = 7.1;
				ONLY_ACTIVE_ARCH = YES;
				SDKROOT = iphoneos;
				TARGETED_DEVICE_FAMILY = "1,2";
			};
			name = Debug;
		};
		2F4AB97C19C08D0D00AB1C30 /* Release */ = {
			isa = XCBuildConfiguration;
			buildSettings = {
				ALWAYS_SEARCH_USER_PATHS = NO;
				CLANG_CXX_LANGUAGE_STANDARD = "gnu++0x";
				CLANG_CXX_LIBRARY = "libc++";
				CLANG_ENABLE_MODULES = YES;
				CLANG_ENABLE_OBJC_ARC = YES;
				CLANG_WARN_BOOL_CONVERSION = YES;
				CLANG_WARN_CONSTANT_CONVERSION = YES;
				CLANG_WARN_DIRECT_OBJC_ISA_USAGE = YES_ERROR;
				CLANG_WARN_EMPTY_BODY = YES;
				CLANG_WARN_ENUM_CONVERSION = YES;
				CLANG_WARN_INT_CONVERSION = YES;
				CLANG_WARN_OBJC_ROOT_CLASS = YES_ERROR;
				CLANG_WARN__DUPLICATE_METHOD_MATCH = YES;
				"CODE_SIGN_IDENTITY[sdk=iphoneos*]" = "iPhone Developer";
				COPY_PHASE_STRIP = YES;
				ENABLE_NS_ASSERTIONS = NO;
				GCC_C_LANGUAGE_STANDARD = gnu99;
				GCC_WARN_64_TO_32_BIT_CONVERSION = YES;
				GCC_WARN_ABOUT_RETURN_TYPE = YES_ERROR;
				GCC_WARN_UNDECLARED_SELECTOR = YES;
				GCC_WARN_UNINITIALIZED_AUTOS = YES_AGGRESSIVE;
				GCC_WARN_UNUSED_FUNCTION = YES;
				GCC_WARN_UNUSED_VARIABLE = YES;
				IPHONEOS_DEPLOYMENT_TARGET = 7.1;
				SDKROOT = iphoneos;
				TARGETED_DEVICE_FAMILY = "1,2";
				VALIDATE_PRODUCT = YES;
			};
			name = Release;
		};
		2F4AB97E19C08D0D00AB1C30 /* Debug */ = {
			isa = XCBuildConfiguration;
			buildSettings = {
				ASSETCATALOG_COMPILER_APPICON_NAME = AppIcon;
				ASSETCATALOG_COMPILER_LAUNCHIMAGE_NAME = LaunchImage;
				GCC_PRECOMPILE_PREFIX_HEADER = YES;
				GCC_PREFIX_HEADER = "The Tibetan Alphabet App/The Tibetan Alphabet App-Prefix.pch";
				INFOPLIST_FILE = "The Tibetan Alphabet App/The Tibetan Alphabet App-Info.plist";
				IPHONEOS_DEPLOYMENT_TARGET = 6.0;
				PRODUCT_NAME = "$(TARGET_NAME)";
				WRAPPER_EXTENSION = app;
			};
			name = Debug;
		};
		2F4AB97F19C08D0D00AB1C30 /* Release */ = {
			isa = XCBuildConfiguration;
			buildSettings = {
				ASSETCATALOG_COMPILER_APPICON_NAME = AppIcon;
				ASSETCATALOG_COMPILER_LAUNCHIMAGE_NAME = LaunchImage;
				GCC_PRECOMPILE_PREFIX_HEADER = YES;
				GCC_PREFIX_HEADER = "The Tibetan Alphabet App/The Tibetan Alphabet App-Prefix.pch";
				INFOPLIST_FILE = "The Tibetan Alphabet App/The Tibetan Alphabet App-Info.plist";
				IPHONEOS_DEPLOYMENT_TARGET = 6.0;
				PRODUCT_NAME = "$(TARGET_NAME)";
				WRAPPER_EXTENSION = app;
			};
			name = Release;
		};
		2F4AB98119C08D0D00AB1C30 /* Debug */ = {
			isa = XCBuildConfiguration;
			buildSettings = {
				BUNDLE_LOADER = "$(BUILT_PRODUCTS_DIR)/The Tibetan Alphabet App.app/The Tibetan Alphabet App";
				FRAMEWORK_SEARCH_PATHS = (
					"$(SDKROOT)/Developer/Library/Frameworks",
					"$(inherited)",
					"$(DEVELOPER_FRAMEWORKS_DIR)",
				);
				GCC_PRECOMPILE_PREFIX_HEADER = YES;
				GCC_PREFIX_HEADER = "The Tibetan Alphabet App/The Tibetan Alphabet App-Prefix.pch";
				GCC_PREPROCESSOR_DEFINITIONS = (
					"DEBUG=1",
					"$(inherited)",
				);
				INFOPLIST_FILE = "The Tibetan Alphabet AppTests/The Tibetan Alphabet AppTests-Info.plist";
				PRODUCT_NAME = "$(TARGET_NAME)";
				TEST_HOST = "$(BUNDLE_LOADER)";
				WRAPPER_EXTENSION = xctest;
			};
			name = Debug;
		};
		2F4AB98219C08D0D00AB1C30 /* Release */ = {
			isa = XCBuildConfiguration;
			buildSettings = {
				BUNDLE_LOADER = "$(BUILT_PRODUCTS_DIR)/The Tibetan Alphabet App.app/The Tibetan Alphabet App";
				FRAMEWORK_SEARCH_PATHS = (
					"$(SDKROOT)/Developer/Library/Frameworks",
					"$(inherited)",
					"$(DEVELOPER_FRAMEWORKS_DIR)",
				);
				GCC_PRECOMPILE_PREFIX_HEADER = YES;
				GCC_PREFIX_HEADER = "The Tibetan Alphabet App/The Tibetan Alphabet App-Prefix.pch";
				INFOPLIST_FILE = "The Tibetan Alphabet AppTests/The Tibetan Alphabet AppTests-Info.plist";
				PRODUCT_NAME = "$(TARGET_NAME)";
				TEST_HOST = "$(BUNDLE_LOADER)";
				WRAPPER_EXTENSION = xctest;
			};
			name = Release;
		};
/* End XCBuildConfiguration section */

/* Begin XCConfigurationList section */
		2F4AB94319C08D0C00AB1C30 /* Build configuration list for PBXProject "The Tibetan Alphabet App" */ = {
			isa = XCConfigurationList;
			buildConfigurations = (
				2F4AB97B19C08D0D00AB1C30 /* Debug */,
				2F4AB97C19C08D0D00AB1C30 /* Release */,
			);
			defaultConfigurationIsVisible = 0;
			defaultConfigurationName = Release;
		};
		2F4AB97D19C08D0D00AB1C30 /* Build configuration list for PBXNativeTarget "The Tibetan Alphabet App" */ = {
			isa = XCConfigurationList;
			buildConfigurations = (
				2F4AB97E19C08D0D00AB1C30 /* Debug */,
				2F4AB97F19C08D0D00AB1C30 /* Release */,
			);
			defaultConfigurationIsVisible = 0;
			defaultConfigurationName = Release;
		};
		2F4AB98019C08D0D00AB1C30 /* Build configuration list for PBXNativeTarget "The Tibetan Alphabet AppTests" */ = {
			isa = XCConfigurationList;
			buildConfigurations = (
				2F4AB98119C08D0D00AB1C30 /* Debug */,
				2F4AB98219C08D0D00AB1C30 /* Release */,
			);
			defaultConfigurationIsVisible = 0;
			defaultConfigurationName = Release;
		};
/* End XCConfigurationList section */
	};
	rootObject = 2F4AB94019C08D0C00AB1C30 /* Project object */;
}
